<?xml version="1.0" encoding="utf-8"?>
<Project ToolsVersion="4.0" xmlns="http://schemas.microsoft.com/developer/msbuild/2003">
  <ItemGroup>
    <Filter Include="Source Files">
      <UniqueIdentifier>{4FC737F1-C7A5-4376-A066-2A32D752A2FF}</UniqueIdentifier>
      <Extensions>cpp;c;cc;cxx;c++;cppm;ixx;def;odl;idl;hpj;bat;asm;asmx</Extensions>
    </Filter>
    <Filter Include="Header Files">
      <UniqueIdentifier>{93995380-89BD-4b04-88EB-625FBE52EBFB}</UniqueIdentifier>
      <Extensions>h;hh;hpp;hxx;h++;hm;inl;inc;ipp;xsd</Extensions>
    </Filter>
    <Filter Include="Resource Files">
      <UniqueIdentifier>{67DA6AB6-F800-4c08-8B7A-83BB121AAD01}</UniqueIdentifier>
      <Extensions>rc;ico;cur;bmp;dlg;rc2;rct;bin;rgs;gif;jpg;jpeg;jpe;resx;tiff;tif;png;wav;mfcribbon-ms</Extensions>
    </Filter>
    <Filter Include="SDK">
      <UniqueIdentifier>{f16a647b-6397-4bf7-ab6f-25b22164c7d6}</UniqueIdentifier>
    </Filter>
  </ItemGroup>
  <ItemGroup>
    <ClInclude Include="framework.h">
      <Filter>Header Files</Filter>
    </ClInclude>
    <ClInclude Include="dataMgr\dataMgr.h">
      <Filter>Header Files</Filter>
    </ClInclude>
    <ClInclude Include="..\MocIPC\mocIPC.h">
      <Filter>Header Files</Filter>
    </ClInclude>
    <ClInclude Include="..\common\common.h">
      <Filter>Header Files</Filter>
    </ClInclude>
    <ClInclude Include="..\SDK\SDK\Basic.hpp">
      <Filter>Header Files</Filter>
    </ClInclude>
    <ClInclude Include="..\SDK\PropertyFixup.hpp">
      <Filter>SDK</Filter>
    </ClInclude>
    <ClInclude Include="..\SDK\SDK.hpp">
      <Filter>SDK</Filter>
    </ClInclude>
    <ClInclude Include="..\SDK\UnrealContainers.hpp">
      <Filter>SDK</Filter>
    </ClInclude>
    <ClInclude Include="..\SDK\SDK\Abp_ModularMeshCS_classes.hpp">
      <Filter>SDK</Filter>
    </ClInclude>
    <ClInclude Include="..\SDK\SDK\Abp_ModularMeshCS_parameters.hpp">
      <Filter>SDK</Filter>
    </ClInclude>
    <ClInclude Include="..\SDK\SDK\Abp_ModularMeshCS_structs.hpp">
      <Filter>SDK</Filter>
    </ClInclude>
    <ClInclude Include="..\SDK\SDK\Abp_sts_dao_classes.hpp">
      <Filter>SDK</Filter>
    </ClInclude>
    <ClInclude Include="..\SDK\SDK\Abp_sts_dao_structs.hpp">
      <Filter>SDK</Filter>
    </ClInclude>
    <ClInclude Include="..\SDK\SDK\ABP_wukong_head_lingzhi_classes.hpp">
      <Filter>SDK</Filter>
    </ClInclude>
    <ClInclude Include="..\SDK\SDK\ABP_wukong_head_lingzhi_structs.hpp">
      <Filter>SDK</Filter>
    </ClInclude>
    <ClInclude Include="..\SDK\SDK\ACLPlugin_classes.hpp">
      <Filter>SDK</Filter>
    </ClInclude>
    <ClInclude Include="..\SDK\SDK\ACLPlugin_parameters.hpp">
      <Filter>SDK</Filter>
    </ClInclude>
    <ClInclude Include="..\SDK\SDK\ACLPlugin_structs.hpp">
      <Filter>SDK</Filter>
    </ClInclude>
    <ClInclude Include="..\SDK\SDK\ActorLayerUtilities_classes.hpp">
      <Filter>SDK</Filter>
    </ClInclude>
    <ClInclude Include="..\SDK\SDK\ActorLayerUtilities_parameters.hpp">
      <Filter>SDK</Filter>
    </ClInclude>
    <ClInclude Include="..\SDK\SDK\ActorLayerUtilities_structs.hpp">
      <Filter>SDK</Filter>
    </ClInclude>
    <ClInclude Include="..\SDK\SDK\ActorSequence_classes.hpp">
      <Filter>SDK</Filter>
    </ClInclude>
    <ClInclude Include="..\SDK\SDK\ActorSequence_structs.hpp">
      <Filter>SDK</Filter>
    </ClInclude>
    <ClInclude Include="..\SDK\SDK\AIModule_classes.hpp">
      <Filter>SDK</Filter>
    </ClInclude>
    <ClInclude Include="..\SDK\SDK\AIModule_parameters.hpp">
      <Filter>SDK</Filter>
    </ClInclude>
    <ClInclude Include="..\SDK\SDK\AIModule_structs.hpp">
      <Filter>SDK</Filter>
    </ClInclude>
    <ClInclude Include="..\SDK\SDK\AkAudio_classes.hpp">
      <Filter>SDK</Filter>
    </ClInclude>
    <ClInclude Include="..\SDK\SDK\AkAudio_parameters.hpp">
      <Filter>SDK</Filter>
    </ClInclude>
    <ClInclude Include="..\SDK\SDK\AkAudio_structs.hpp">
      <Filter>SDK</Filter>
    </ClInclude>
    <ClInclude Include="..\SDK\SDK\AndroidFileServer_classes.hpp">
      <Filter>SDK</Filter>
    </ClInclude>
    <ClInclude Include="..\SDK\SDK\AndroidFileServer_parameters.hpp">
      <Filter>SDK</Filter>
    </ClInclude>
    <ClInclude Include="..\SDK\SDK\AndroidFileServer_structs.hpp">
      <Filter>SDK</Filter>
    </ClInclude>
    <ClInclude Include="..\SDK\SDK\AndroidPermission_classes.hpp">
      <Filter>SDK</Filter>
    </ClInclude>
    <ClInclude Include="..\SDK\SDK\AndroidPermission_parameters.hpp">
      <Filter>SDK</Filter>
    </ClInclude>
    <ClInclude Include="..\SDK\SDK\AnimationCore_classes.hpp">
      <Filter>SDK</Filter>
    </ClInclude>
    <ClInclude Include="..\SDK\SDK\AnimationCore_structs.hpp">
      <Filter>SDK</Filter>
    </ClInclude>
    <ClInclude Include="..\SDK\SDK\AnimationLocomotionLibraryRuntime_classes.hpp">
      <Filter>SDK</Filter>
    </ClInclude>
    <ClInclude Include="..\SDK\SDK\AnimationLocomotionLibraryRuntime_parameters.hpp">
      <Filter>SDK</Filter>
    </ClInclude>
    <ClInclude Include="..\SDK\SDK\AnimationSharing_classes.hpp">
      <Filter>SDK</Filter>
    </ClInclude>
    <ClInclude Include="..\SDK\SDK\AnimationSharing_parameters.hpp">
      <Filter>SDK</Filter>
    </ClInclude>
    <ClInclude Include="..\SDK\SDK\AnimationSharing_structs.hpp">
      <Filter>SDK</Filter>
    </ClInclude>
    <ClInclude Include="..\SDK\SDK\AnimationWarpingRuntime_structs.hpp">
      <Filter>SDK</Filter>
    </ClInclude>
    <ClInclude Include="..\SDK\SDK\AnimGraphRuntime_classes.hpp">
      <Filter>SDK</Filter>
    </ClInclude>
    <ClInclude Include="..\SDK\SDK\AnimGraphRuntime_parameters.hpp">
      <Filter>SDK</Filter>
    </ClInclude>
    <ClInclude Include="..\SDK\SDK\AnimGraphRuntime_structs.hpp">
      <Filter>SDK</Filter>
    </ClInclude>
    <ClInclude Include="..\SDK\SDK\AnimToTexture_classes.hpp">
      <Filter>SDK</Filter>
    </ClInclude>
    <ClInclude Include="..\SDK\SDK\AnimToTexture_parameters.hpp">
      <Filter>SDK</Filter>
    </ClInclude>
    <ClInclude Include="..\SDK\SDK\AnimToTexture_structs.hpp">
      <Filter>SDK</Filter>
    </ClInclude>
    <ClInclude Include="..\SDK\SDK\AO_Parameters_structs.hpp">
      <Filter>SDK</Filter>
    </ClInclude>
    <ClInclude Include="..\SDK\SDK\ApexDestruction_classes.hpp">
      <Filter>SDK</Filter>
    </ClInclude>
    <ClInclude Include="..\SDK\SDK\ApexDestruction_parameters.hpp">
      <Filter>SDK</Filter>
    </ClInclude>
    <ClInclude Include="..\SDK\SDK\ApexDestruction_structs.hpp">
      <Filter>SDK</Filter>
    </ClInclude>
    <ClInclude Include="..\SDK\SDK\AppleImageUtils_classes.hpp">
      <Filter>SDK</Filter>
    </ClInclude>
    <ClInclude Include="..\SDK\SDK\AppleImageUtils_parameters.hpp">
      <Filter>SDK</Filter>
    </ClInclude>
    <ClInclude Include="..\SDK\SDK\AppleImageUtils_structs.hpp">
      <Filter>SDK</Filter>
    </ClInclude>
    <ClInclude Include="..\SDK\SDK\Arteries_classes.hpp">
      <Filter>SDK</Filter>
    </ClInclude>
    <ClInclude Include="..\SDK\SDK\Arteries_parameters.hpp">
      <Filter>SDK</Filter>
    </ClInclude>
    <ClInclude Include="..\SDK\SDK\Arteries_structs.hpp">
      <Filter>SDK</Filter>
    </ClInclude>
    <ClInclude Include="..\SDK\SDK\AssetRegistry_classes.hpp">
      <Filter>SDK</Filter>
    </ClInclude>
    <ClInclude Include="..\SDK\SDK\AssetRegistry_parameters.hpp">
      <Filter>SDK</Filter>
    </ClInclude>
    <ClInclude Include="..\SDK\SDK\AssetRegistry_structs.hpp">
      <Filter>SDK</Filter>
    </ClInclude>
    <ClInclude Include="..\SDK\SDK\AssetTags_classes.hpp">
      <Filter>SDK</Filter>
    </ClInclude>
    <ClInclude Include="..\SDK\SDK\AssetTags_parameters.hpp">
      <Filter>SDK</Filter>
    </ClInclude>
    <ClInclude Include="..\SDK\SDK\AssetTags_structs.hpp">
      <Filter>SDK</Filter>
    </ClInclude>
    <ClInclude Include="..\SDK\SDK\AsyncLoadingScreen_classes.hpp">
      <Filter>SDK</Filter>
    </ClInclude>
    <ClInclude Include="..\SDK\SDK\AsyncLoadingScreen_structs.hpp">
      <Filter>SDK</Filter>
    </ClInclude>
    <ClInclude Include="..\SDK\SDK\AudioAnalyzer_classes.hpp">
      <Filter>SDK</Filter>
    </ClInclude>
    <ClInclude Include="..\SDK\SDK\AudioAnalyzer_parameters.hpp">
      <Filter>SDK</Filter>
    </ClInclude>
    <ClInclude Include="..\SDK\SDK\AudioCapture_classes.hpp">
      <Filter>SDK</Filter>
    </ClInclude>
    <ClInclude Include="..\SDK\SDK\AudioCapture_parameters.hpp">
      <Filter>SDK</Filter>
    </ClInclude>
    <ClInclude Include="..\SDK\SDK\AudioCapture_structs.hpp">
      <Filter>SDK</Filter>
    </ClInclude>
    <ClInclude Include="..\SDK\SDK\AudioExtensions_classes.hpp">
      <Filter>SDK</Filter>
    </ClInclude>
    <ClInclude Include="..\SDK\SDK\AudioExtensions_parameters.hpp">
      <Filter>SDK</Filter>
    </ClInclude>
    <ClInclude Include="..\SDK\SDK\AudioExtensions_structs.hpp">
      <Filter>SDK</Filter>
    </ClInclude>
    <ClInclude Include="..\SDK\SDK\AudioLinkCore_classes.hpp">
      <Filter>SDK</Filter>
    </ClInclude>
    <ClInclude Include="..\SDK\SDK\AudioLinkEngine_classes.hpp">
      <Filter>SDK</Filter>
    </ClInclude>
    <ClInclude Include="..\SDK\SDK\AudioLinkEngine_parameters.hpp">
      <Filter>SDK</Filter>
    </ClInclude>
    <ClInclude Include="..\SDK\SDK\AudioMixer_classes.hpp">
      <Filter>SDK</Filter>
    </ClInclude>
    <ClInclude Include="..\SDK\SDK\AudioMixer_parameters.hpp">
      <Filter>SDK</Filter>
    </ClInclude>
    <ClInclude Include="..\SDK\SDK\AudioMixer_structs.hpp">
      <Filter>SDK</Filter>
    </ClInclude>
    <ClInclude Include="..\SDK\SDK\AudioPlatformConfiguration_structs.hpp">
      <Filter>SDK</Filter>
    </ClInclude>
    <ClInclude Include="..\SDK\SDK\AudioSynesthesia_classes.hpp">
      <Filter>SDK</Filter>
    </ClInclude>
    <ClInclude Include="..\SDK\SDK\AudioSynesthesia_parameters.hpp">
      <Filter>SDK</Filter>
    </ClInclude>
    <ClInclude Include="..\SDK\SDK\AudioSynesthesia_structs.hpp">
      <Filter>SDK</Filter>
    </ClInclude>
    <ClInclude Include="..\SDK\SDK\AugmentedReality_classes.hpp">
      <Filter>SDK</Filter>
    </ClInclude>
    <ClInclude Include="..\SDK\SDK\AugmentedReality_parameters.hpp">
      <Filter>SDK</Filter>
    </ClInclude>
    <ClInclude Include="..\SDK\SDK\AugmentedReality_structs.hpp">
      <Filter>SDK</Filter>
    </ClInclude>
    <ClInclude Include="..\SDK\SDK\AutomationUtils_classes.hpp">
      <Filter>SDK</Filter>
    </ClInclude>
    <ClInclude Include="..\SDK\SDK\AutomationUtils_parameters.hpp">
      <Filter>SDK</Filter>
    </ClInclude>
    <ClInclude Include="..\SDK\SDK\AvfMediaFactory_classes.hpp">
      <Filter>SDK</Filter>
    </ClInclude>
    <ClInclude Include="..\SDK\SDK\b1_classes.hpp">
      <Filter>SDK</Filter>
    </ClInclude>
    <ClInclude Include="..\SDK\SDK\b1_parameters.hpp">
      <Filter>SDK</Filter>
    </ClInclude>
    <ClInclude Include="..\SDK\SDK\b1_structs.hpp">
      <Filter>SDK</Filter>
    </ClInclude>
    <ClInclude Include="..\SDK\SDK\b1MinusManaged_classes.hpp">
      <Filter>SDK</Filter>
    </ClInclude>
    <ClInclude Include="..\SDK\SDK\b1MinusManaged_parameters.hpp">
      <Filter>SDK</Filter>
    </ClInclude>
    <ClInclude Include="..\SDK\SDK\b1MinusManaged_structs.hpp">
      <Filter>SDK</Filter>
    </ClInclude>
    <ClInclude Include="..\SDK\SDK\BI_AgeTips_classes.hpp">
      <Filter>SDK</Filter>
    </ClInclude>
    <ClInclude Include="..\SDK\SDK\BI_AgeTips_parameters.hpp">
      <Filter>SDK</Filter>
    </ClInclude>
    <ClInclude Include="..\SDK\SDK\BI_ArrowRoleAttr_classes.hpp">
      <Filter>SDK</Filter>
    </ClInclude>
    <ClInclude Include="..\SDK\SDK\BI_AttrBase_V2_classes.hpp">
      <Filter>SDK</Filter>
    </ClInclude>
    <ClInclude Include="..\SDK\SDK\BI_AttrBase_V2_parameters.hpp">
      <Filter>SDK</Filter>
    </ClInclude>
    <ClInclude Include="..\SDK\SDK\BI_BattleEnd_Action_classes.hpp">
      <Filter>SDK</Filter>
    </ClInclude>
    <ClInclude Include="..\SDK\SDK\BI_CommIconTab_classes.hpp">
      <Filter>SDK</Filter>
    </ClInclude>
    <ClInclude Include="..\SDK\SDK\BI_CommSubTab_classes.hpp">
      <Filter>SDK</Filter>
    </ClInclude>
    <ClInclude Include="..\SDK\SDK\BI_CommTxtTab_classes.hpp">
      <Filter>SDK</Filter>
    </ClInclude>
    <ClInclude Include="..\SDK\SDK\BI_CommTxtTab_parameters.hpp">
      <Filter>SDK</Filter>
    </ClInclude>
    <ClInclude Include="..\SDK\SDK\BI_ComplexSecRoleAttr_classes.hpp">
      <Filter>SDK</Filter>
    </ClInclude>
    <ClInclude Include="..\SDK\SDK\BI_ComplexSecRoleAttr_parameters.hpp">
      <Filter>SDK</Filter>
    </ClInclude>
    <ClInclude Include="..\SDK\SDK\BI_CostItem_classes.hpp">
      <Filter>SDK</Filter>
    </ClInclude>
    <ClInclude Include="..\SDK\SDK\BI_CostItem_parameters.hpp">
      <Filter>SDK</Filter>
    </ClInclude>
    <ClInclude Include="..\SDK\SDK\BI_CostItemKey_classes.hpp">
      <Filter>SDK</Filter>
    </ClInclude>
    <ClInclude Include="..\SDK\SDK\BI_CostItemKey_parameters.hpp">
      <Filter>SDK</Filter>
    </ClInclude>
    <ClInclude Include="..\SDK\SDK\BI_DetailLongPress_classes.hpp">
      <Filter>SDK</Filter>
    </ClInclude>
    <ClInclude Include="..\SDK\SDK\BI_DetailPageSwitcher_classes.hpp">
      <Filter>SDK</Filter>
    </ClInclude>
    <ClInclude Include="..\SDK\SDK\BI_DetailPageSwitcher_parameters.hpp">
      <Filter>SDK</Filter>
    </ClInclude>
    <ClInclude Include="..\SDK\SDK\BI_EffectDesc_classes.hpp">
      <Filter>SDK</Filter>
    </ClInclude>
    <ClInclude Include="..\SDK\SDK\BI_EquipDetail_classes.hpp">
      <Filter>SDK</Filter>
    </ClInclude>
    <ClInclude Include="..\SDK\SDK\BI_EquipDetail_parameters.hpp">
      <Filter>SDK</Filter>
    </ClInclude>
    <ClInclude Include="..\SDK\SDK\BI_EquipDetailCompare_classes.hpp">
      <Filter>SDK</Filter>
    </ClInclude>
    <ClInclude Include="..\SDK\SDK\BI_EquipDetailCompare_parameters.hpp">
      <Filter>SDK</Filter>
    </ClInclude>
    <ClInclude Include="..\SDK\SDK\BI_EquipItem_classes.hpp">
      <Filter>SDK</Filter>
    </ClInclude>
    <ClInclude Include="..\SDK\SDK\BI_EquipItem_parameters.hpp">
      <Filter>SDK</Filter>
    </ClInclude>
    <ClInclude Include="..\SDK\SDK\BI_EquipItem_RZDSlot_classes.hpp">
      <Filter>SDK</Filter>
    </ClInclude>
    <ClInclude Include="..\SDK\SDK\BI_EquipItem_RZDSlot_parameters.hpp">
      <Filter>SDK</Filter>
    </ClInclude>
    <ClInclude Include="..\SDK\SDK\BI_EquipItem_Slot_classes.hpp">
      <Filter>SDK</Filter>
    </ClInclude>
    <ClInclude Include="..\SDK\SDK\BI_EquipItem_Slot_parameters.hpp">
      <Filter>SDK</Filter>
    </ClInclude>
    <ClInclude Include="..\SDK\SDK\BI_EquipQuickSlot_classes.hpp">
      <Filter>SDK</Filter>
    </ClInclude>
    <ClInclude Include="..\SDK\SDK\BI_FirstStartBtn_classes.hpp">
      <Filter>SDK</Filter>
    </ClInclude>
    <ClInclude Include="..\SDK\SDK\BI_FirstStartBtn_parameters.hpp">
      <Filter>SDK</Filter>
    </ClInclude>
    <ClInclude Include="..\SDK\SDK\BI_GearDetailBg_classes.hpp">
      <Filter>SDK</Filter>
    </ClInclude>
    <ClInclude Include="..\SDK\SDK\BI_GearDetailBg_parameters.hpp">
      <Filter>SDK</Filter>
    </ClInclude>
    <ClInclude Include="..\SDK\SDK\BI_GearItem_Slot_classes.hpp">
      <Filter>SDK</Filter>
    </ClInclude>
    <ClInclude Include="..\SDK\SDK\BI_GearItem_Slot_parameters.hpp">
      <Filter>SDK</Filter>
    </ClInclude>
    <ClInclude Include="..\SDK\SDK\BI_GearItem_Tab_classes.hpp">
      <Filter>SDK</Filter>
    </ClInclude>
    <ClInclude Include="..\SDK\SDK\BI_GearItem_Tab_parameters.hpp">
      <Filter>SDK</Filter>
    </ClInclude>
    <ClInclude Include="..\SDK\SDK\BI_HuluDetail_classes.hpp">
      <Filter>SDK</Filter>
    </ClInclude>
    <ClInclude Include="..\SDK\SDK\BI_HuluDetail_parameters.hpp">
      <Filter>SDK</Filter>
    </ClInclude>
    <ClInclude Include="..\SDK\SDK\BI_InputOne_classes.hpp">
      <Filter>SDK</Filter>
    </ClInclude>
    <ClInclude Include="..\SDK\SDK\BI_InputRoot_classes.hpp">
      <Filter>SDK</Filter>
    </ClInclude>
    <ClInclude Include="..\SDK\SDK\BI_InventoryItem_classes.hpp">
      <Filter>SDK</Filter>
    </ClInclude>
    <ClInclude Include="..\SDK\SDK\BI_InventoryItem_parameters.hpp">
      <Filter>SDK</Filter>
    </ClInclude>
    <ClInclude Include="..\SDK\SDK\BI_ItemStory_classes.hpp">
      <Filter>SDK</Filter>
    </ClInclude>
    <ClInclude Include="..\SDK\SDK\BI_ItemStory_parameters.hpp">
      <Filter>SDK</Filter>
    </ClInclude>
    <ClInclude Include="..\SDK\SDK\BI_JewelryDetail_classes.hpp">
      <Filter>SDK</Filter>
    </ClInclude>
    <ClInclude Include="..\SDK\SDK\BI_JewelrySlotDetail_classes.hpp">
      <Filter>SDK</Filter>
    </ClInclude>
    <ClInclude Include="..\SDK\SDK\BI_Line_classes.hpp">
      <Filter>SDK</Filter>
    </ClInclude>
    <ClInclude Include="..\SDK\SDK\BI_Loading_Item_Name_classes.hpp">
      <Filter>SDK</Filter>
    </ClInclude>
    <ClInclude Include="..\SDK\SDK\BI_Loading_Item_Name_parameters.hpp">
      <Filter>SDK</Filter>
    </ClInclude>
    <ClInclude Include="..\SDK\SDK\BI_QuickItem_classes.hpp">
      <Filter>SDK</Filter>
    </ClInclude>
    <ClInclude Include="..\SDK\SDK\BI_QuickItem_parameters.hpp">
      <Filter>SDK</Filter>
    </ClInclude>
    <ClInclude Include="..\SDK\SDK\BI_RoleAttr_V3_classes.hpp">
      <Filter>SDK</Filter>
    </ClInclude>
    <ClInclude Include="..\SDK\SDK\BI_RoleAttr_V3_parameters.hpp">
      <Filter>SDK</Filter>
    </ClInclude>
    <ClInclude Include="..\SDK\SDK\BI_RoleLevel_classes.hpp">
      <Filter>SDK</Filter>
    </ClInclude>
    <ClInclude Include="..\SDK\SDK\BI_RoleLevel_parameters.hpp">
      <Filter>SDK</Filter>
    </ClInclude>
    <ClInclude Include="..\SDK\SDK\BI_RoleTab_classes.hpp">
      <Filter>SDK</Filter>
    </ClInclude>
    <ClInclude Include="..\SDK\SDK\BI_RZDDetail_classes.hpp">
      <Filter>SDK</Filter>
    </ClInclude>
    <ClInclude Include="..\SDK\SDK\BI_RZDDetail_parameters.hpp">
      <Filter>SDK</Filter>
    </ClInclude>
    <ClInclude Include="..\SDK\SDK\BI_RZDDetailItem_classes.hpp">
      <Filter>SDK</Filter>
    </ClInclude>
    <ClInclude Include="..\SDK\SDK\BI_ScrollBoxNew_classes.hpp">
      <Filter>SDK</Filter>
    </ClInclude>
    <ClInclude Include="..\SDK\SDK\BI_ScrollBoxNew_parameters.hpp">
      <Filter>SDK</Filter>
    </ClInclude>
    <ClInclude Include="..\SDK\SDK\BI_ScrollInputTips_WithComb_classes.hpp">
      <Filter>SDK</Filter>
    </ClInclude>
    <ClInclude Include="..\SDK\SDK\BI_SecRoleAttrFold_V3_classes.hpp">
      <Filter>SDK</Filter>
    </ClInclude>
    <ClInclude Include="..\SDK\SDK\BI_SecRoleAttrFold_V3_parameters.hpp">
      <Filter>SDK</Filter>
    </ClInclude>
    <ClInclude Include="..\SDK\SDK\BI_SecRoleAttrUnfold_V3_classes.hpp">
      <Filter>SDK</Filter>
    </ClInclude>
    <ClInclude Include="..\SDK\SDK\BI_SecRoleAttrUnfold_V3_parameters.hpp">
      <Filter>SDK</Filter>
    </ClInclude>
    <ClInclude Include="..\SDK\SDK\BI_SoakDesc_classes.hpp">
      <Filter>SDK</Filter>
    </ClInclude>
    <ClInclude Include="..\SDK\SDK\BI_Sorting_classes.hpp">
      <Filter>SDK</Filter>
    </ClInclude>
    <ClInclude Include="..\SDK\SDK\BI_Sorting_parameters.hpp">
      <Filter>SDK</Filter>
    </ClInclude>
    <ClInclude Include="..\SDK\SDK\BI_SplitLine_V2_classes.hpp">
      <Filter>SDK</Filter>
    </ClInclude>
    <ClInclude Include="..\SDK\SDK\BI_SplitLine_V2_parameters.hpp">
      <Filter>SDK</Filter>
    </ClInclude>
    <ClInclude Include="..\SDK\SDK\BI_StartGame_classes.hpp">
      <Filter>SDK</Filter>
    </ClInclude>
    <ClInclude Include="..\SDK\SDK\BI_StartGame_parameters.hpp">
      <Filter>SDK</Filter>
    </ClInclude>
    <ClInclude Include="..\SDK\SDK\BI_SubTabJewelry_classes.hpp">
      <Filter>SDK</Filter>
    </ClInclude>
    <ClInclude Include="..\SDK\SDK\BI_SuitDesc_classes.hpp">
      <Filter>SDK</Filter>
    </ClInclude>
    <ClInclude Include="..\SDK\SDK\BI_SuitSPDesc_classes.hpp">
      <Filter>SDK</Filter>
    </ClInclude>
    <ClInclude Include="..\SDK\SDK\BI_SuitSPDesc_parameters.hpp">
      <Filter>SDK</Filter>
    </ClInclude>
    <ClInclude Include="..\SDK\SDK\BI_TextLoop_classes.hpp">
      <Filter>SDK</Filter>
    </ClInclude>
    <ClInclude Include="..\SDK\SDK\BI_TileView_classes.hpp">
      <Filter>SDK</Filter>
    </ClInclude>
    <ClInclude Include="..\SDK\SDK\BI_TileView_parameters.hpp">
      <Filter>SDK</Filter>
    </ClInclude>
    <ClInclude Include="..\SDK\SDK\BI_TreasureDetail_classes.hpp">
      <Filter>SDK</Filter>
    </ClInclude>
    <ClInclude Include="..\SDK\SDK\BI_TreasureDetail_parameters.hpp">
      <Filter>SDK</Filter>
    </ClInclude>
    <ClInclude Include="..\SDK\SDK\BI_TreasureDetailItem_classes.hpp">
      <Filter>SDK</Filter>
    </ClInclude>
    <ClInclude Include="..\SDK\SDK\BI_TreasureEqDesc_classes.hpp">
      <Filter>SDK</Filter>
    </ClInclude>
    <ClInclude Include="..\SDK\SDK\BI_UIFXDetailForged_classes.hpp">
      <Filter>SDK</Filter>
    </ClInclude>
    <ClInclude Include="..\SDK\SDK\BI_UIFXDetailForged_parameters.hpp">
      <Filter>SDK</Filter>
    </ClInclude>
    <ClInclude Include="..\SDK\SDK\BinkMediaPlayer_classes.hpp">
      <Filter>SDK</Filter>
    </ClInclude>
    <ClInclude Include="..\SDK\SDK\BinkMediaPlayer_parameters.hpp">
      <Filter>SDK</Filter>
    </ClInclude>
    <ClInclude Include="..\SDK\SDK\BinkMediaPlayer_structs.hpp">
      <Filter>SDK</Filter>
    </ClInclude>
    <ClInclude Include="..\SDK\SDK\BP_B1PlayerCameraManager_classes.hpp">
      <Filter>SDK</Filter>
    </ClInclude>
    <ClInclude Include="..\SDK\SDK\BP_B1PlayerController_classes.hpp">
      <Filter>SDK</Filter>
    </ClInclude>
    <ClInclude Include="..\SDK\SDK\BP_B1PlayerState_classes.hpp">
      <Filter>SDK</Filter>
    </ClInclude>
    <ClInclude Include="..\SDK\SDK\BP_CameraActor_ForSeq_classes.hpp">
      <Filter>SDK</Filter>
    </ClInclude>
    <ClInclude Include="..\SDK\SDK\BP_CameraCinematic_ForSeq_classes.hpp">
      <Filter>SDK</Filter>
    </ClInclude>
    <ClInclude Include="..\SDK\SDK\BP_CameraCrane_ForSeq_classes.hpp">
      <Filter>SDK</Filter>
    </ClInclude>
    <ClInclude Include="..\SDK\SDK\BP_CameraRail_ForSeq_classes.hpp">
      <Filter>SDK</Filter>
    </ClInclude>
    <ClInclude Include="..\SDK\SDK\BP_DispLibWorld_classes.hpp">
      <Filter>SDK</Filter>
    </ClInclude>
    <ClInclude Include="..\SDK\SDK\BP_DropItem_BaiYiSpear_classes.hpp">
      <Filter>SDK</Filter>
    </ClInclude>
    <ClInclude Include="..\SDK\SDK\BP_DropItem_BaiYiSpear_parameters.hpp">
      <Filter>SDK</Filter>
    </ClInclude>
    <ClInclude Include="..\SDK\SDK\BP_DropItem_Longdage_classes.hpp">
      <Filter>SDK</Filter>
    </ClInclude>
    <ClInclude Include="..\SDK\SDK\BP_DropItem_Longdage_parameters.hpp">
      <Filter>SDK</Filter>
    </ClInclude>
    <ClInclude Include="..\SDK\SDK\BP_DropItem_Mo3_new_classes.hpp">
      <Filter>SDK</Filter>
    </ClInclude>
    <ClInclude Include="..\SDK\SDK\BP_DropItem_Mo124_classes.hpp">
      <Filter>SDK</Filter>
    </ClInclude>
    <ClInclude Include="..\SDK\SDK\BP_DropItem_RedTides_classes.hpp">
      <Filter>SDK</Filter>
    </ClInclude>
    <ClInclude Include="..\SDK\SDK\BP_DropItem_RedTides_parameters.hpp">
      <Filter>SDK</Filter>
    </ClInclude>
    <ClInclude Include="..\SDK\SDK\BP_DropItem_ShuangTouShu_classes.hpp">
      <Filter>SDK</Filter>
    </ClInclude>
    <ClInclude Include="..\SDK\SDK\BP_DropItem_ShuangTouShu_parameters.hpp">
      <Filter>SDK</Filter>
    </ClInclude>
    <ClInclude Include="..\SDK\SDK\BP_DropItem_Soul_Blue_classes.hpp">
      <Filter>SDK</Filter>
    </ClInclude>
    <ClInclude Include="..\SDK\SDK\BP_DropItem_Soul_Purple_classes.hpp">
      <Filter>SDK</Filter>
    </ClInclude>
    <ClInclude Include="..\SDK\SDK\BP_DropItemActorBase_classes.hpp">
      <Filter>SDK</Filter>
    </ClInclude>
    <ClInclude Include="..\SDK\SDK\BP_GameMode_SetConfig_classes.hpp">
      <Filter>SDK</Filter>
    </ClInclude>
    <ClInclude Include="..\SDK\SDK\BP_GMActor_classes.hpp">
      <Filter>SDK</Filter>
    </ClInclude>
    <ClInclude Include="..\SDK\SDK\BP_GMActor_parameters.hpp">
      <Filter>SDK</Filter>
    </ClInclude>
    <ClInclude Include="..\SDK\SDK\BP_gs_rt_quality_classes.hpp">
      <Filter>SDK</Filter>
    </ClInclude>
    <ClInclude Include="..\SDK\SDK\BP_gs_rt_quality_parameters.hpp">
      <Filter>SDK</Filter>
    </ClInclude>
    <ClInclude Include="..\SDK\SDK\BP_Normal_RichTextZhuYi_DC_classes.hpp">
      <Filter>SDK</Filter>
    </ClInclude>
    <ClInclude Include="..\SDK\SDK\BP_Normal_RichTextZhuYi_DC_EquipMainSubTitle_classes.hpp">
      <Filter>SDK</Filter>
    </ClInclude>
    <ClInclude Include="..\SDK\SDK\BP_Player_Wukong_Atk_Feilonggun_classes.hpp">
      <Filter>SDK</Filter>
    </ClInclude>
    <ClInclude Include="..\SDK\SDK\BP_Player_Wukong_Atk_jiachongwang_01_classes.hpp">
      <Filter>SDK</Filter>
    </ClInclude>
    <ClInclude Include="..\SDK\SDK\BP_Player_Wukong_Atk_jiachongwang_02_classes.hpp">
      <Filter>SDK</Filter>
    </ClInclude>
    <ClInclude Include="..\SDK\SDK\BP_Player_Wukong_Atk_jiachongwang_03_classes.hpp">
      <Filter>SDK</Filter>
    </ClInclude>
    <ClInclude Include="..\SDK\SDK\BP_Player_Wukong_Atk_jiachongwang_04_classes.hpp">
      <Filter>SDK</Filter>
    </ClInclude>
    <ClInclude Include="..\SDK\SDK\BP_Player_Wukong_Atk_q5_classes.hpp">
      <Filter>SDK</Filter>
    </ClInclude>
    <ClInclude Include="..\SDK\SDK\BP_Player_Wukong_Atk_yechawang_classes.hpp">
      <Filter>SDK</Filter>
    </ClInclude>
    <ClInclude Include="..\SDK\SDK\BP_player_wukong_fenshen_atktbuff_classes.hpp">
      <Filter>SDK</Filter>
    </ClInclude>
    <ClInclude Include="..\SDK\SDK\BP_player_wukong_jxsq_heifeng_classes.hpp">
      <Filter>SDK</Filter>
    </ClInclude>
    <ClInclude Include="..\SDK\SDK\BP_Player_Wukong_KangJinLong_Lightning_classes.hpp">
      <Filter>SDK</Filter>
    </ClInclude>
    <ClInclude Include="..\SDK\SDK\BP_player_wukong_lava_classes.hpp">
      <Filter>SDK</Filter>
    </ClInclude>
    <ClInclude Include="..\SDK\SDK\BP_Player_Wukong_PiHuoZhao_01_classes.hpp">
      <Filter>SDK</Filter>
    </ClInclude>
    <ClInclude Include="..\SDK\SDK\BP_Player_Wukong_PiHuoZhao_01_parameters.hpp">
      <Filter>SDK</Filter>
    </ClInclude>
    <ClInclude Include="..\SDK\SDK\BP_player_wukong_precisedodge_bullet_classes.hpp">
      <Filter>SDK</Filter>
    </ClInclude>
    <ClInclude Include="..\SDK\SDK\BP_player_wukong_precisedodge_bullet2_classes.hpp">
      <Filter>SDK</Filter>
    </ClInclude>
    <ClInclude Include="..\SDK\SDK\BP_Player_Wukong_SanJianLiangRen_02_classes.hpp">
      <Filter>SDK</Filter>
    </ClInclude>
    <ClInclude Include="..\SDK\SDK\BP_Player_Wukong_SanJianLiangRen_classes.hpp">
      <Filter>SDK</Filter>
    </ClInclude>
    <ClInclude Include="..\SDK\SDK\BP_RT_Quality_Parameters_classes.hpp">
      <Filter>SDK</Filter>
    </ClInclude>
    <ClInclude Include="..\SDK\SDK\BP_RT_Quality_Parameters_parameters.hpp">
      <Filter>SDK</Filter>
    </ClInclude>
    <ClInclude Include="..\SDK\SDK\BP_RTX_Parameter_Interface_classes.hpp">
      <Filter>SDK</Filter>
    </ClInclude>
    <ClInclude Include="..\SDK\SDK\BP_RTX_Parameter_Interface_parameters.hpp">
      <Filter>SDK</Filter>
    </ClInclude>
    <ClInclude Include="..\SDK\SDK\BP_SkillSelectHelper_classes.hpp">
      <Filter>SDK</Filter>
    </ClInclude>
    <ClInclude Include="..\SDK\SDK\BP_StartupGameMode_V2_classes.hpp">
      <Filter>SDK</Filter>
    </ClInclude>
    <ClInclude Include="..\SDK\SDK\BP_UI_Character_ShowGroup_classes.hpp">
      <Filter>SDK</Filter>
    </ClInclude>
    <ClInclude Include="..\SDK\SDK\BP_UI_CommErrorTips_classes.hpp">
      <Filter>SDK</Filter>
    </ClInclude>
    <ClInclude Include="..\SDK\SDK\BP_UI_Debug_RT_classes.hpp">
      <Filter>SDK</Filter>
    </ClInclude>
    <ClInclude Include="..\SDK\SDK\BP_UI_ExceptionPanel_classes.hpp">
      <Filter>SDK</Filter>
    </ClInclude>
    <ClInclude Include="..\SDK\SDK\BP_UI_ExceptionPanel_parameters.hpp">
      <Filter>SDK</Filter>
    </ClInclude>
    <ClInclude Include="..\SDK\SDK\BP_UI_GMBtn_classes.hpp">
      <Filter>SDK</Filter>
    </ClInclude>
    <ClInclude Include="..\SDK\SDK\BP_UI_GMDefaultPanel_classes.hpp">
      <Filter>SDK</Filter>
    </ClInclude>
    <ClInclude Include="..\SDK\SDK\BP_UI_GMDefaultPanel_parameters.hpp">
      <Filter>SDK</Filter>
    </ClInclude>
    <ClInclude Include="..\SDK\SDK\BP_UI_GMInfo_Enemy_classes.hpp">
      <Filter>SDK</Filter>
    </ClInclude>
    <ClInclude Include="..\SDK\SDK\BP_UI_GMInfo_Enemy_parameters.hpp">
      <Filter>SDK</Filter>
    </ClInclude>
    <ClInclude Include="..\SDK\SDK\BP_UI_GMInfo_Player_classes.hpp">
      <Filter>SDK</Filter>
    </ClInclude>
    <ClInclude Include="..\SDK\SDK\BP_UI_GMInfo_Player_parameters.hpp">
      <Filter>SDK</Filter>
    </ClInclude>
    <ClInclude Include="..\SDK\SDK\BP_UI_GMInfoPartInfo_classes.hpp">
      <Filter>SDK</Filter>
    </ClInclude>
    <ClInclude Include="..\SDK\SDK\BP_UI_GMInfoUnit_classes.hpp">
      <Filter>SDK</Filter>
    </ClInclude>
    <ClInclude Include="..\SDK\SDK\BP_UI_GMSettingBase_classes.hpp">
      <Filter>SDK</Filter>
    </ClInclude>
    <ClInclude Include="..\SDK\SDK\BP_UI_GMSettingCharacterConfig_classes.hpp">
      <Filter>SDK</Filter>
    </ClInclude>
    <ClInclude Include="..\SDK\SDK\BP_UI_GMSettingCheck_classes.hpp">
      <Filter>SDK</Filter>
    </ClInclude>
    <ClInclude Include="..\SDK\SDK\BP_UI_GMSettingCheck_parameters.hpp">
      <Filter>SDK</Filter>
    </ClInclude>
    <ClInclude Include="..\SDK\SDK\BP_UI_GMSettingEditable_classes.hpp">
      <Filter>SDK</Filter>
    </ClInclude>
    <ClInclude Include="..\SDK\SDK\BP_UI_GMSettingSlider_classes.hpp">
      <Filter>SDK</Filter>
    </ClInclude>
    <ClInclude Include="..\SDK\SDK\BP_UI_GMSettingSlider_parameters.hpp">
      <Filter>SDK</Filter>
    </ClInclude>
    <ClInclude Include="..\SDK\SDK\BP_UI_OP_Check_classes.hpp">
      <Filter>SDK</Filter>
    </ClInclude>
    <ClInclude Include="..\SDK\SDK\BP_UI_OP_Check_parameters.hpp">
      <Filter>SDK</Filter>
    </ClInclude>
    <ClInclude Include="..\SDK\SDK\BP_UI_OP_Editable_classes.hpp">
      <Filter>SDK</Filter>
    </ClInclude>
    <ClInclude Include="..\SDK\SDK\BP_UI_OP_Editable_parameters.hpp">
      <Filter>SDK</Filter>
    </ClInclude>
    <ClInclude Include="..\SDK\SDK\BP_UI_OP_Slider_classes.hpp">
      <Filter>SDK</Filter>
    </ClInclude>
    <ClInclude Include="..\SDK\SDK\BP_UI_OP_Slider_parameters.hpp">
      <Filter>SDK</Filter>
    </ClInclude>
    <ClInclude Include="..\SDK\SDK\BP_wukong_bajiaoshan_tornado_bullet_big_classes.hpp">
      <Filter>SDK</Filter>
    </ClInclude>
    <ClInclude Include="..\SDK\SDK\BP_wukong_xiuhuazhen_bullet_classes.hpp">
      <Filter>SDK</Filter>
    </ClInclude>
    <ClInclude Include="..\SDK\SDK\BP_wukong_xiuhuazhen_bymj_bullet_classes.hpp">
      <Filter>SDK</Filter>
    </ClInclude>
    <ClInclude Include="..\SDK\SDK\BUI_AnimShowBlock_classes.hpp">
      <Filter>SDK</Filter>
    </ClInclude>
    <ClInclude Include="..\SDK\SDK\BUI_B1_Root_V2_classes.hpp">
      <Filter>SDK</Filter>
    </ClInclude>
    <ClInclude Include="..\SDK\SDK\BUI_B1_Root_V2_parameters.hpp">
      <Filter>SDK</Filter>
    </ClInclude>
    <ClInclude Include="..\SDK\SDK\BUI_EquipMain_classes.hpp">
      <Filter>SDK</Filter>
    </ClInclude>
    <ClInclude Include="..\SDK\SDK\BUI_EquipMain_parameters.hpp">
      <Filter>SDK</Filter>
    </ClInclude>
    <ClInclude Include="..\SDK\SDK\BUI_LoadingV2_classes.hpp">
      <Filter>SDK</Filter>
    </ClInclude>
    <ClInclude Include="..\SDK\SDK\BUI_Name_classes.hpp">
      <Filter>SDK</Filter>
    </ClInclude>
    <ClInclude Include="..\SDK\SDK\BUI_RoleMain_classes.hpp">
      <Filter>SDK</Filter>
    </ClInclude>
    <ClInclude Include="..\SDK\SDK\BUI_RoleMain_parameters.hpp">
      <Filter>SDK</Filter>
    </ClInclude>
    <ClInclude Include="..\SDK\SDK\BUI_StartGame_classes.hpp">
      <Filter>SDK</Filter>
    </ClInclude>
    <ClInclude Include="..\SDK\SDK\BUI_StartGame_parameters.hpp">
      <Filter>SDK</Filter>
    </ClInclude>
    <ClInclude Include="..\SDK\SDK\BUI_StartGameManaged_classes.hpp">
      <Filter>SDK</Filter>
    </ClInclude>
    <ClInclude Include="..\SDK\SDK\BUI_StartGameManaged_parameters.hpp">
      <Filter>SDK</Filter>
    </ClInclude>
    <ClInclude Include="..\SDK\SDK\BuildPatchServices_classes.hpp">
      <Filter>SDK</Filter>
    </ClInclude>
    <ClInclude Include="..\SDK\SDK\BuildPatchServices_structs.hpp">
      <Filter>SDK</Filter>
    </ClInclude>
    <ClInclude Include="..\SDK\SDK\CableComponent_classes.hpp">
      <Filter>SDK</Filter>
    </ClInclude>
    <ClInclude Include="..\SDK\SDK\CableComponent_parameters.hpp">
      <Filter>SDK</Filter>
    </ClInclude>
    <ClInclude Include="..\SDK\SDK\Calliope_classes.hpp">
      <Filter>SDK</Filter>
    </ClInclude>
    <ClInclude Include="..\SDK\SDK\Calliope_parameters.hpp">
      <Filter>SDK</Filter>
    </ClInclude>
    <ClInclude Include="..\SDK\SDK\Calliope_structs.hpp">
      <Filter>SDK</Filter>
    </ClInclude>
    <ClInclude Include="..\SDK\SDK\CalliopeWin64_classes.hpp">
      <Filter>SDK</Filter>
    </ClInclude>
    <ClInclude Include="..\SDK\SDK\CalliopeWin64_parameters.hpp">
      <Filter>SDK</Filter>
    </ClInclude>
    <ClInclude Include="..\SDK\SDK\Chaos_structs.hpp">
      <Filter>SDK</Filter>
    </ClInclude>
    <ClInclude Include="..\SDK\SDK\ChaosCloth_classes.hpp">
      <Filter>SDK</Filter>
    </ClInclude>
    <ClInclude Include="..\SDK\SDK\ChaosCloth_parameters.hpp">
      <Filter>SDK</Filter>
    </ClInclude>
    <ClInclude Include="..\SDK\SDK\ChaosCloth_structs.hpp">
      <Filter>SDK</Filter>
    </ClInclude>
    <ClInclude Include="..\SDK\SDK\ChaosNiagara_classes.hpp">
      <Filter>SDK</Filter>
    </ClInclude>
    <ClInclude Include="..\SDK\SDK\ChaosNiagara_structs.hpp">
      <Filter>SDK</Filter>
    </ClInclude>
    <ClInclude Include="..\SDK\SDK\ChaosSolverEngine_classes.hpp">
      <Filter>SDK</Filter>
    </ClInclude>
    <ClInclude Include="..\SDK\SDK\ChaosSolverEngine_parameters.hpp">
      <Filter>SDK</Filter>
    </ClInclude>
    <ClInclude Include="..\SDK\SDK\ChaosSolverEngine_structs.hpp">
      <Filter>SDK</Filter>
    </ClInclude>
    <ClInclude Include="..\SDK\SDK\CinematicCamera_classes.hpp">
      <Filter>SDK</Filter>
    </ClInclude>
    <ClInclude Include="..\SDK\SDK\CinematicCamera_parameters.hpp">
      <Filter>SDK</Filter>
    </ClInclude>
    <ClInclude Include="..\SDK\SDK\CinematicCamera_structs.hpp">
      <Filter>SDK</Filter>
    </ClInclude>
    <ClInclude Include="..\SDK\SDK\CinematicPrestreaming_classes.hpp">
      <Filter>SDK</Filter>
    </ClInclude>
    <ClInclude Include="..\SDK\SDK\CinematicPrestreaming_parameters.hpp">
      <Filter>SDK</Filter>
    </ClInclude>
    <ClInclude Include="..\SDK\SDK\CinematicPrestreaming_structs.hpp">
      <Filter>SDK</Filter>
    </ClInclude>
    <ClInclude Include="..\SDK\SDK\ClothingSystemRuntimeCommon_classes.hpp">
      <Filter>SDK</Filter>
    </ClInclude>
    <ClInclude Include="..\SDK\SDK\ClothingSystemRuntimeCommon_structs.hpp">
      <Filter>SDK</Filter>
    </ClInclude>
    <ClInclude Include="..\SDK\SDK\ClothingSystemRuntimeInterface_classes.hpp">
      <Filter>SDK</Filter>
    </ClInclude>
    <ClInclude Include="..\SDK\SDK\ClothingSystemRuntimeInterface_parameters.hpp">
      <Filter>SDK</Filter>
    </ClInclude>
    <ClInclude Include="..\SDK\SDK\ClothingSystemRuntimeInterface_structs.hpp">
      <Filter>SDK</Filter>
    </ClInclude>
    <ClInclude Include="..\SDK\SDK\ClothingSystemRuntimeNv_classes.hpp">
      <Filter>SDK</Filter>
    </ClInclude>
    <ClInclude Include="..\SDK\SDK\ClothingSystemRuntimeNv_parameters.hpp">
      <Filter>SDK</Filter>
    </ClInclude>
    <ClInclude Include="..\SDK\SDK\ClothingSystemRuntimeNv_structs.hpp">
      <Filter>SDK</Filter>
    </ClInclude>
    <ClInclude Include="..\SDK\SDK\ConsoleVariableManager_classes.hpp">
      <Filter>SDK</Filter>
    </ClInclude>
    <ClInclude Include="..\SDK\SDK\ConsoleVariableManager_structs.hpp">
      <Filter>SDK</Filter>
    </ClInclude>
    <ClInclude Include="..\SDK\SDK\ConstructionSystemRuntime_classes.hpp">
      <Filter>SDK</Filter>
    </ClInclude>
    <ClInclude Include="..\SDK\SDK\ConstructionSystemRuntime_parameters.hpp">
      <Filter>SDK</Filter>
    </ClInclude>
    <ClInclude Include="..\SDK\SDK\ConstructionSystemRuntime_structs.hpp">
      <Filter>SDK</Filter>
    </ClInclude>
    <ClInclude Include="..\SDK\SDK\ControlRig_classes.hpp">
      <Filter>SDK</Filter>
    </ClInclude>
    <ClInclude Include="..\SDK\SDK\ControlRig_parameters.hpp">
      <Filter>SDK</Filter>
    </ClInclude>
    <ClInclude Include="..\SDK\SDK\ControlRig_structs.hpp">
      <Filter>SDK</Filter>
    </ClInclude>
    <ClInclude Include="..\SDK\SDK\ControlRigSpline_structs.hpp">
      <Filter>SDK</Filter>
    </ClInclude>
    <ClInclude Include="..\SDK\SDK\CoreOnline_structs.hpp">
      <Filter>SDK</Filter>
    </ClInclude>
    <ClInclude Include="..\SDK\SDK\CoreUObject_classes.hpp">
      <Filter>SDK</Filter>
    </ClInclude>
    <ClInclude Include="..\SDK\SDK\CoreUObject_parameters.hpp">
      <Filter>SDK</Filter>
    </ClInclude>
    <ClInclude Include="..\SDK\SDK\CoreUObject_structs.hpp">
      <Filter>SDK</Filter>
    </ClInclude>
    <ClInclude Include="..\SDK\SDK\CS_FTXD_Z1_classes.hpp">
      <Filter>SDK</Filter>
    </ClInclude>
    <ClInclude Include="..\SDK\SDK\CS_wukong_tttb_success_classes.hpp">
      <Filter>SDK</Filter>
    </ClInclude>
    <ClInclude Include="..\SDK\SDK\CustomLightSystem_classes.hpp">
      <Filter>SDK</Filter>
    </ClInclude>
    <ClInclude Include="..\SDK\SDK\CustomLightSystem_parameters.hpp">
      <Filter>SDK</Filter>
    </ClInclude>
    <ClInclude Include="..\SDK\SDK\CustomLightSystem_structs.hpp">
      <Filter>SDK</Filter>
    </ClInclude>
    <ClInclude Include="..\SDK\SDK\CustomMeshComponent_classes.hpp">
      <Filter>SDK</Filter>
    </ClInclude>
    <ClInclude Include="..\SDK\SDK\CustomMeshComponent_parameters.hpp">
      <Filter>SDK</Filter>
    </ClInclude>
    <ClInclude Include="..\SDK\SDK\CustomMeshComponent_structs.hpp">
      <Filter>SDK</Filter>
    </ClInclude>
    <ClInclude Include="..\SDK\SDK\DatasmithContent_classes.hpp">
      <Filter>SDK</Filter>
    </ClInclude>
    <ClInclude Include="..\SDK\SDK\DatasmithContent_parameters.hpp">
      <Filter>SDK</Filter>
    </ClInclude>
    <ClInclude Include="..\SDK\SDK\DatasmithContent_structs.hpp">
      <Filter>SDK</Filter>
    </ClInclude>
    <ClInclude Include="..\SDK\SDK\DataType_Support_structs.hpp">
      <Filter>SDK</Filter>
    </ClInclude>
    <ClInclude Include="..\SDK\SDK\Debug_Parameters_structs.hpp">
      <Filter>SDK</Filter>
    </ClInclude>
    <ClInclude Include="..\SDK\SDK\DeveloperSettings_classes.hpp">
      <Filter>SDK</Filter>
    </ClInclude>
    <ClInclude Include="..\SDK\SDK\DeveloperSettings_structs.hpp">
      <Filter>SDK</Filter>
    </ClInclude>
    <ClInclude Include="..\SDK\SDK\Disable_structs.hpp">
      <Filter>SDK</Filter>
    </ClInclude>
    <ClInclude Include="..\SDK\SDK\DLSS_classes.hpp">
      <Filter>SDK</Filter>
    </ClInclude>
    <ClInclude Include="..\SDK\SDK\DLSS_Parameters_structs.hpp">
      <Filter>SDK</Filter>
    </ClInclude>
    <ClInclude Include="..\SDK\SDK\DLSS_structs.hpp">
      <Filter>SDK</Filter>
    </ClInclude>
    <ClInclude Include="..\SDK\SDK\DLSSBlueprint_classes.hpp">
      <Filter>SDK</Filter>
    </ClInclude>
    <ClInclude Include="..\SDK\SDK\DLSSBlueprint_parameters.hpp">
      <Filter>SDK</Filter>
    </ClInclude>
    <ClInclude Include="..\SDK\SDK\DLSSBlueprint_structs.hpp">
      <Filter>SDK</Filter>
    </ClInclude>
    <ClInclude Include="..\SDK\SDK\DmgTypeBP_Environmental_classes.hpp">
      <Filter>SDK</Filter>
    </ClInclude>
    <ClInclude Include="..\SDK\SDK\DonAINavigation_classes.hpp">
      <Filter>SDK</Filter>
    </ClInclude>
    <ClInclude Include="..\SDK\SDK\DonAINavigation_parameters.hpp">
      <Filter>SDK</Filter>
    </ClInclude>
    <ClInclude Include="..\SDK\SDK\DonAINavigation_structs.hpp">
      <Filter>SDK</Filter>
    </ClInclude>
    <ClInclude Include="..\SDK\SDK\DownloadTookit_classes.hpp">
      <Filter>SDK</Filter>
    </ClInclude>
    <ClInclude Include="..\SDK\SDK\DownloadTookit_parameters.hpp">
      <Filter>SDK</Filter>
    </ClInclude>
    <ClInclude Include="..\SDK\SDK\DownloadTookit_structs.hpp">
      <Filter>SDK</Filter>
    </ClInclude>
    <ClInclude Include="..\SDK\SDK\DynamicSDFGenerator_classes.hpp">
      <Filter>SDK</Filter>
    </ClInclude>
    <ClInclude Include="..\SDK\SDK\DynamicSDFGeneratorV2_classes.hpp">
      <Filter>SDK</Filter>
    </ClInclude>
    <ClInclude Include="..\SDK\SDK\Engine_classes.hpp">
      <Filter>SDK</Filter>
    </ClInclude>
    <ClInclude Include="..\SDK\SDK\Engine_parameters.hpp">
      <Filter>SDK</Filter>
    </ClInclude>
    <ClInclude Include="..\SDK\SDK\Engine_structs.hpp">
      <Filter>SDK</Filter>
    </ClInclude>
    <ClInclude Include="..\SDK\SDK\EngineMessages_structs.hpp">
      <Filter>SDK</Filter>
    </ClInclude>
    <ClInclude Include="..\SDK\SDK\EngineSettings_classes.hpp">
      <Filter>SDK</Filter>
    </ClInclude>
    <ClInclude Include="..\SDK\SDK\EngineSettings_parameters.hpp">
      <Filter>SDK</Filter>
    </ClInclude>
    <ClInclude Include="..\SDK\SDK\EngineSettings_structs.hpp">
      <Filter>SDK</Filter>
    </ClInclude>
    <ClInclude Include="..\SDK\SDK\EnhancedInput_classes.hpp">
      <Filter>SDK</Filter>
    </ClInclude>
    <ClInclude Include="..\SDK\SDK\EnhancedInput_parameters.hpp">
      <Filter>SDK</Filter>
    </ClInclude>
    <ClInclude Include="..\SDK\SDK\EnhancedInput_structs.hpp">
      <Filter>SDK</Filter>
    </ClInclude>
    <ClInclude Include="..\SDK\SDK\Enum_RT_Quality_Preset_structs.hpp">
      <Filter>SDK</Filter>
    </ClInclude>
    <ClInclude Include="..\SDK\SDK\EQC_PlayerContext_classes.hpp">
      <Filter>SDK</Filter>
    </ClInclude>
    <ClInclude Include="..\SDK\SDK\EQC_PlayerContext_parameters.hpp">
      <Filter>SDK</Filter>
    </ClInclude>
    <ClInclude Include="..\SDK\SDK\EQG_simpleteleport_donut_classes.hpp">
      <Filter>SDK</Filter>
    </ClInclude>
    <ClInclude Include="..\SDK\SDK\EQG_simpleteleport_grid_classes.hpp">
      <Filter>SDK</Filter>
    </ClInclude>
    <ClInclude Include="..\SDK\SDK\EyeTracker_classes.hpp">
      <Filter>SDK</Filter>
    </ClInclude>
    <ClInclude Include="..\SDK\SDK\EyeTracker_parameters.hpp">
      <Filter>SDK</Filter>
    </ClInclude>
    <ClInclude Include="..\SDK\SDK\EyeTracker_structs.hpp">
      <Filter>SDK</Filter>
    </ClInclude>
    <ClInclude Include="..\SDK\SDK\FacialAnimation_classes.hpp">
      <Filter>SDK</Filter>
    </ClInclude>
    <ClInclude Include="..\SDK\SDK\FFXFSR3Settings_classes.hpp">
      <Filter>SDK</Filter>
    </ClInclude>
    <ClInclude Include="..\SDK\SDK\FFXFSR3Settings_structs.hpp">
      <Filter>SDK</Filter>
    </ClInclude>
    <ClInclude Include="..\SDK\SDK\FieldSystemEngine_classes.hpp">
      <Filter>SDK</Filter>
    </ClInclude>
    <ClInclude Include="..\SDK\SDK\FieldSystemEngine_parameters.hpp">
      <Filter>SDK</Filter>
    </ClInclude>
    <ClInclude Include="..\SDK\SDK\FieldSystemEngine_structs.hpp">
      <Filter>SDK</Filter>
    </ClInclude>
    <ClInclude Include="..\SDK\SDK\Film_structs.hpp">
      <Filter>SDK</Filter>
    </ClInclude>
    <ClInclude Include="..\SDK\SDK\Foliage_classes.hpp">
      <Filter>SDK</Filter>
    </ClInclude>
    <ClInclude Include="..\SDK\SDK\Foliage_parameters.hpp">
      <Filter>SDK</Filter>
    </ClInclude>
    <ClInclude Include="..\SDK\SDK\Foliage_structs.hpp">
      <Filter>SDK</Filter>
    </ClInclude>
    <ClInclude Include="..\SDK\SDK\FullBodyIK_structs.hpp">
      <Filter>SDK</Filter>
    </ClInclude>
    <ClInclude Include="..\SDK\SDK\GameplayCameras_classes.hpp">
      <Filter>SDK</Filter>
    </ClInclude>
    <ClInclude Include="..\SDK\SDK\GameplayCameras_parameters.hpp">
      <Filter>SDK</Filter>
    </ClInclude>
    <ClInclude Include="..\SDK\SDK\GameplayCameras_structs.hpp">
      <Filter>SDK</Filter>
    </ClInclude>
    <ClInclude Include="..\SDK\SDK\GameplayTags_classes.hpp">
      <Filter>SDK</Filter>
    </ClInclude>
    <ClInclude Include="..\SDK\SDK\GameplayTags_parameters.hpp">
      <Filter>SDK</Filter>
    </ClInclude>
    <ClInclude Include="..\SDK\SDK\GameplayTags_structs.hpp">
      <Filter>SDK</Filter>
    </ClInclude>
    <ClInclude Include="..\SDK\SDK\GameplayTasks_classes.hpp">
      <Filter>SDK</Filter>
    </ClInclude>
    <ClInclude Include="..\SDK\SDK\GameplayTasks_parameters.hpp">
      <Filter>SDK</Filter>
    </ClInclude>
    <ClInclude Include="..\SDK\SDK\GameplayTasks_structs.hpp">
      <Filter>SDK</Filter>
    </ClInclude>
    <ClInclude Include="..\SDK\SDK\GeometryCache_classes.hpp">
      <Filter>SDK</Filter>
    </ClInclude>
    <ClInclude Include="..\SDK\SDK\GeometryCache_parameters.hpp">
      <Filter>SDK</Filter>
    </ClInclude>
    <ClInclude Include="..\SDK\SDK\GeometryCache_structs.hpp">
      <Filter>SDK</Filter>
    </ClInclude>
    <ClInclude Include="..\SDK\SDK\GeometryCacheTracks_classes.hpp">
      <Filter>SDK</Filter>
    </ClInclude>
    <ClInclude Include="..\SDK\SDK\GeometryCacheTracks_structs.hpp">
      <Filter>SDK</Filter>
    </ClInclude>
    <ClInclude Include="..\SDK\SDK\GeometryCollectionEngine_classes.hpp">
      <Filter>SDK</Filter>
    </ClInclude>
    <ClInclude Include="..\SDK\SDK\GeometryCollectionEngine_parameters.hpp">
      <Filter>SDK</Filter>
    </ClInclude>
    <ClInclude Include="..\SDK\SDK\GeometryCollectionEngine_structs.hpp">
      <Filter>SDK</Filter>
    </ClInclude>
    <ClInclude Include="..\SDK\SDK\GeometryCollectionTracks_classes.hpp">
      <Filter>SDK</Filter>
    </ClInclude>
    <ClInclude Include="..\SDK\SDK\GeometryCollectionTracks_structs.hpp">
      <Filter>SDK</Filter>
    </ClInclude>
    <ClInclude Include="..\SDK\SDK\GeometryFramework_classes.hpp">
      <Filter>SDK</Filter>
    </ClInclude>
    <ClInclude Include="..\SDK\SDK\GeometryFramework_parameters.hpp">
      <Filter>SDK</Filter>
    </ClInclude>
    <ClInclude Include="..\SDK\SDK\GeometryFramework_structs.hpp">
      <Filter>SDK</Filter>
    </ClInclude>
    <ClInclude Include="..\SDK\SDK\GeometryScriptingCore_classes.hpp">
      <Filter>SDK</Filter>
    </ClInclude>
    <ClInclude Include="..\SDK\SDK\GeometryScriptingCore_parameters.hpp">
      <Filter>SDK</Filter>
    </ClInclude>
    <ClInclude Include="..\SDK\SDK\GeometryScriptingCore_structs.hpp">
      <Filter>SDK</Filter>
    </ClInclude>
    <ClInclude Include="..\SDK\SDK\GI_Parameters_structs.hpp">
      <Filter>SDK</Filter>
    </ClInclude>
    <ClInclude Include="..\SDK\SDK\GooglePAD_classes.hpp">
      <Filter>SDK</Filter>
    </ClInclude>
    <ClInclude Include="..\SDK\SDK\GooglePAD_parameters.hpp">
      <Filter>SDK</Filter>
    </ClInclude>
    <ClInclude Include="..\SDK\SDK\GooglePAD_structs.hpp">
      <Filter>SDK</Filter>
    </ClInclude>
    <ClInclude Include="..\SDK\SDK\GSAnimationKeyBlender_classes.hpp">
      <Filter>SDK</Filter>
    </ClInclude>
    <ClInclude Include="..\SDK\SDK\GSAnimationKeyBlender_parameters.hpp">
      <Filter>SDK</Filter>
    </ClInclude>
    <ClInclude Include="..\SDK\SDK\GSAnimationKeyBlender_structs.hpp">
      <Filter>SDK</Filter>
    </ClInclude>
    <ClInclude Include="..\SDK\SDK\GSDataShare_classes.hpp">
      <Filter>SDK</Filter>
    </ClInclude>
    <ClInclude Include="..\SDK\SDK\GSDataShare_parameters.hpp">
      <Filter>SDK</Filter>
    </ClInclude>
    <ClInclude Include="..\SDK\SDK\GSDynamicSDF_classes.hpp">
      <Filter>SDK</Filter>
    </ClInclude>
    <ClInclude Include="..\SDK\SDK\GSE_Fire_RTQuene_structs.hpp">
      <Filter>SDK</Filter>
    </ClInclude>
    <ClInclude Include="..\SDK\SDK\GSE_FireEmitterSystem_classes.hpp">
      <Filter>SDK</Filter>
    </ClInclude>
    <ClInclude Include="..\SDK\SDK\GSE_FireEmitterSystem_parameters.hpp">
      <Filter>SDK</Filter>
    </ClInclude>
    <ClInclude Include="..\SDK\SDK\GSE_FireSystem_classes.hpp">
      <Filter>SDK</Filter>
    </ClInclude>
    <ClInclude Include="..\SDK\SDK\GSE_FireSystem_parameters.hpp">
      <Filter>SDK</Filter>
    </ClInclude>
    <ClInclude Include="..\SDK\SDK\GSEArteries_classes.hpp">
      <Filter>SDK</Filter>
    </ClInclude>
    <ClInclude Include="..\SDK\SDK\GSEArteries_parameters.hpp">
      <Filter>SDK</Filter>
    </ClInclude>
    <ClInclude Include="..\SDK\SDK\GSEArteries_structs.hpp">
      <Filter>SDK</Filter>
    </ClInclude>
    <ClInclude Include="..\SDK\SDK\GSEMinusProtobufDB_structs.hpp">
      <Filter>SDK</Filter>
    </ClInclude>
    <ClInclude Include="..\SDK\SDK\GSEngineExtent_classes.hpp">
      <Filter>SDK</Filter>
    </ClInclude>
    <ClInclude Include="..\SDK\SDK\GSEngineExtent_parameters.hpp">
      <Filter>SDK</Filter>
    </ClInclude>
    <ClInclude Include="..\SDK\SDK\GSEngineExtent_structs.hpp">
      <Filter>SDK</Filter>
    </ClInclude>
    <ClInclude Include="..\SDK\SDK\GSFileHelper_classes.hpp">
      <Filter>SDK</Filter>
    </ClInclude>
    <ClInclude Include="..\SDK\SDK\GSFileHelper_parameters.hpp">
      <Filter>SDK</Filter>
    </ClInclude>
    <ClInclude Include="..\SDK\SDK\GSGameSettings_classes.hpp">
      <Filter>SDK</Filter>
    </ClInclude>
    <ClInclude Include="..\SDK\SDK\GSInput_classes.hpp">
      <Filter>SDK</Filter>
    </ClInclude>
    <ClInclude Include="..\SDK\SDK\GSInput_parameters.hpp">
      <Filter>SDK</Filter>
    </ClInclude>
    <ClInclude Include="..\SDK\SDK\GSInput_structs.hpp">
      <Filter>SDK</Filter>
    </ClInclude>
    <ClInclude Include="..\SDK\SDK\GSNiagara_classes.hpp">
      <Filter>SDK</Filter>
    </ClInclude>
    <ClInclude Include="..\SDK\SDK\GSNiagara_parameters.hpp">
      <Filter>SDK</Filter>
    </ClInclude>
    <ClInclude Include="..\SDK\SDK\GSNiagara_structs.hpp">
      <Filter>SDK</Filter>
    </ClInclude>
    <ClInclude Include="..\SDK\SDK\GSReplaySystem_classes.hpp">
      <Filter>SDK</Filter>
    </ClInclude>
    <ClInclude Include="..\SDK\SDK\GSReplaySystem_parameters.hpp">
      <Filter>SDK</Filter>
    </ClInclude>
    <ClInclude Include="..\SDK\SDK\GSSlateUtils_classes.hpp">
      <Filter>SDK</Filter>
    </ClInclude>
    <ClInclude Include="..\SDK\SDK\GSSlateUtils_parameters.hpp">
      <Filter>SDK</Filter>
    </ClInclude>
    <ClInclude Include="..\SDK\SDK\GSUMGExt_classes.hpp">
      <Filter>SDK</Filter>
    </ClInclude>
    <ClInclude Include="..\SDK\SDK\GSUMGExt_parameters.hpp">
      <Filter>SDK</Filter>
    </ClInclude>
    <ClInclude Include="..\SDK\SDK\GSUMGExt_structs.hpp">
      <Filter>SDK</Filter>
    </ClInclude>
    <ClInclude Include="..\SDK\SDK\HairStrandsCore_classes.hpp">
      <Filter>SDK</Filter>
    </ClInclude>
    <ClInclude Include="..\SDK\SDK\HairStrandsCore_parameters.hpp">
      <Filter>SDK</Filter>
    </ClInclude>
    <ClInclude Include="..\SDK\SDK\HairStrandsCore_structs.hpp">
      <Filter>SDK</Filter>
    </ClInclude>
    <ClInclude Include="..\SDK\SDK\HeadMountedDisplay_classes.hpp">
      <Filter>SDK</Filter>
    </ClInclude>
    <ClInclude Include="..\SDK\SDK\HeadMountedDisplay_parameters.hpp">
      <Filter>SDK</Filter>
    </ClInclude>
    <ClInclude Include="..\SDK\SDK\HeadMountedDisplay_structs.hpp">
      <Filter>SDK</Filter>
    </ClInclude>
    <ClInclude Include="..\SDK\SDK\Hephaestus_classes.hpp">
      <Filter>SDK</Filter>
    </ClInclude>
    <ClInclude Include="..\SDK\SDK\High_structs.hpp">
      <Filter>SDK</Filter>
    </ClInclude>
    <ClInclude Include="..\SDK\SDK\Hotfix_classes.hpp">
      <Filter>SDK</Filter>
    </ClInclude>
    <ClInclude Include="..\SDK\SDK\Hotfix_structs.hpp">
      <Filter>SDK</Filter>
    </ClInclude>
    <ClInclude Include="..\SDK\SDK\HoudiniEngineRuntime_classes.hpp">
      <Filter>SDK</Filter>
    </ClInclude>
    <ClInclude Include="..\SDK\SDK\HoudiniEngineRuntime_parameters.hpp">
      <Filter>SDK</Filter>
    </ClInclude>
    <ClInclude Include="..\SDK\SDK\HoudiniEngineRuntime_structs.hpp">
      <Filter>SDK</Filter>
    </ClInclude>
    <ClInclude Include="..\SDK\SDK\IKRig_classes.hpp">
      <Filter>SDK</Filter>
    </ClInclude>
    <ClInclude Include="..\SDK\SDK\IKRig_parameters.hpp">
      <Filter>SDK</Filter>
    </ClInclude>
    <ClInclude Include="..\SDK\SDK\IKRig_structs.hpp">
      <Filter>SDK</Filter>
    </ClInclude>
    <ClInclude Include="..\SDK\SDK\ImageWriteQueue_classes.hpp">
      <Filter>SDK</Filter>
    </ClInclude>
    <ClInclude Include="..\SDK\SDK\ImageWriteQueue_parameters.hpp">
      <Filter>SDK</Filter>
    </ClInclude>
    <ClInclude Include="..\SDK\SDK\ImageWriteQueue_structs.hpp">
      <Filter>SDK</Filter>
    </ClInclude>
    <ClInclude Include="..\SDK\SDK\ImArtDev_classes.hpp">
      <Filter>SDK</Filter>
    </ClInclude>
    <ClInclude Include="..\SDK\SDK\ImgMedia_classes.hpp">
      <Filter>SDK</Filter>
    </ClInclude>
    <ClInclude Include="..\SDK\SDK\ImgMedia_parameters.hpp">
      <Filter>SDK</Filter>
    </ClInclude>
    <ClInclude Include="..\SDK\SDK\ImgMedia_structs.hpp">
      <Filter>SDK</Filter>
    </ClInclude>
    <ClInclude Include="..\SDK\SDK\ImgMediaEngine_classes.hpp">
      <Filter>SDK</Filter>
    </ClInclude>
    <ClInclude Include="..\SDK\SDK\ImgMediaFactory_classes.hpp">
      <Filter>SDK</Filter>
    </ClInclude>
    <ClInclude Include="..\SDK\SDK\InputCore_classes.hpp">
      <Filter>SDK</Filter>
    </ClInclude>
    <ClInclude Include="..\SDK\SDK\InputCore_structs.hpp">
      <Filter>SDK</Filter>
    </ClInclude>
    <ClInclude Include="..\SDK\SDK\InteractiveToolsFramework_classes.hpp">
      <Filter>SDK</Filter>
    </ClInclude>
    <ClInclude Include="..\SDK\SDK\InteractiveToolsFramework_parameters.hpp">
      <Filter>SDK</Filter>
    </ClInclude>
    <ClInclude Include="..\SDK\SDK\InteractiveToolsFramework_structs.hpp">
      <Filter>SDK</Filter>
    </ClInclude>
    <ClInclude Include="..\SDK\SDK\JavascriptHttp_classes.hpp">
      <Filter>SDK</Filter>
    </ClInclude>
    <ClInclude Include="..\SDK\SDK\JavascriptHttp_parameters.hpp">
      <Filter>SDK</Filter>
    </ClInclude>
    <ClInclude Include="..\SDK\SDK\JavascriptHttp_structs.hpp">
      <Filter>SDK</Filter>
    </ClInclude>
    <ClInclude Include="..\SDK\SDK\JavascriptUMG_classes.hpp">
      <Filter>SDK</Filter>
    </ClInclude>
    <ClInclude Include="..\SDK\SDK\JavascriptUMG_parameters.hpp">
      <Filter>SDK</Filter>
    </ClInclude>
    <ClInclude Include="..\SDK\SDK\JavascriptUMG_structs.hpp">
      <Filter>SDK</Filter>
    </ClInclude>
    <ClInclude Include="..\SDK\SDK\JavascriptWebSocket_classes.hpp">
      <Filter>SDK</Filter>
    </ClInclude>
    <ClInclude Include="..\SDK\SDK\JavascriptWebSocket_parameters.hpp">
      <Filter>SDK</Filter>
    </ClInclude>
    <ClInclude Include="..\SDK\SDK\JsonUtilities_classes.hpp">
      <Filter>SDK</Filter>
    </ClInclude>
    <ClInclude Include="..\SDK\SDK\JsonUtilities_structs.hpp">
      <Filter>SDK</Filter>
    </ClInclude>
    <ClInclude Include="..\SDK\SDK\Landmass_structs.hpp">
      <Filter>SDK</Filter>
    </ClInclude>
    <ClInclude Include="..\SDK\SDK\Landscape_classes.hpp">
      <Filter>SDK</Filter>
    </ClInclude>
    <ClInclude Include="..\SDK\SDK\Landscape_parameters.hpp">
      <Filter>SDK</Filter>
    </ClInclude>
    <ClInclude Include="..\SDK\SDK\Landscape_structs.hpp">
      <Filter>SDK</Filter>
    </ClInclude>
    <ClInclude Include="..\SDK\SDK\LandscapeAndFoliage_Parameter_structs.hpp">
      <Filter>SDK</Filter>
    </ClInclude>
    <ClInclude Include="..\SDK\SDK\LevelSequence_classes.hpp">
      <Filter>SDK</Filter>
    </ClInclude>
    <ClInclude Include="..\SDK\SDK\LevelSequence_parameters.hpp">
      <Filter>SDK</Filter>
    </ClInclude>
    <ClInclude Include="..\SDK\SDK\LevelSequence_structs.hpp">
      <Filter>SDK</Filter>
    </ClInclude>
    <ClInclude Include="..\SDK\SDK\Lobby_classes.hpp">
      <Filter>SDK</Filter>
    </ClInclude>
    <ClInclude Include="..\SDK\SDK\Lobby_parameters.hpp">
      <Filter>SDK</Filter>
    </ClInclude>
    <ClInclude Include="..\SDK\SDK\Lobby_structs.hpp">
      <Filter>SDK</Filter>
    </ClInclude>
    <ClInclude Include="..\SDK\SDK\LocationServicesBPLibrary_classes.hpp">
      <Filter>SDK</Filter>
    </ClInclude>
    <ClInclude Include="..\SDK\SDK\LocationServicesBPLibrary_parameters.hpp">
      <Filter>SDK</Filter>
    </ClInclude>
    <ClInclude Include="..\SDK\SDK\LocationServicesBPLibrary_structs.hpp">
      <Filter>SDK</Filter>
    </ClInclude>
    <ClInclude Include="..\SDK\SDK\Low_structs.hpp">
      <Filter>SDK</Filter>
    </ClInclude>
    <ClInclude Include="..\SDK\SDK\Lumen_structs.hpp">
      <Filter>SDK</Filter>
    </ClInclude>
    <ClInclude Include="..\SDK\SDK\MaterialShaderQualitySettings_classes.hpp">
      <Filter>SDK</Filter>
    </ClInclude>
    <ClInclude Include="..\SDK\SDK\MaterialShaderQualitySettings_structs.hpp">
      <Filter>SDK</Filter>
    </ClInclude>
    <ClInclude Include="..\SDK\SDK\MediaAssets_classes.hpp">
      <Filter>SDK</Filter>
    </ClInclude>
    <ClInclude Include="..\SDK\SDK\MediaAssets_parameters.hpp">
      <Filter>SDK</Filter>
    </ClInclude>
    <ClInclude Include="..\SDK\SDK\MediaAssets_structs.hpp">
      <Filter>SDK</Filter>
    </ClInclude>
    <ClInclude Include="..\SDK\SDK\MediaCompositing_classes.hpp">
      <Filter>SDK</Filter>
    </ClInclude>
    <ClInclude Include="..\SDK\SDK\MediaCompositing_structs.hpp">
      <Filter>SDK</Filter>
    </ClInclude>
    <ClInclude Include="..\SDK\SDK\MediaPlayerTest_UMG_classes.hpp">
      <Filter>SDK</Filter>
    </ClInclude>
    <ClInclude Include="..\SDK\SDK\MediaPlayerTest_UMG_parameters.hpp">
      <Filter>SDK</Filter>
    </ClInclude>
    <ClInclude Include="..\SDK\SDK\MediaUtils_structs.hpp">
      <Filter>SDK</Filter>
    </ClInclude>
    <ClInclude Include="..\SDK\SDK\Medium_structs.hpp">
      <Filter>SDK</Filter>
    </ClInclude>
    <ClInclude Include="..\SDK\SDK\Mesh_Caustics_Parameters_structs.hpp">
      <Filter>SDK</Filter>
    </ClInclude>
    <ClInclude Include="..\SDK\SDK\MeshDescription_classes.hpp">
      <Filter>SDK</Filter>
    </ClInclude>
    <ClInclude Include="..\SDK\SDK\MeshDescription_parameters.hpp">
      <Filter>SDK</Filter>
    </ClInclude>
    <ClInclude Include="..\SDK\SDK\MeshDescription_structs.hpp">
      <Filter>SDK</Filter>
    </ClInclude>
    <ClInclude Include="..\SDK\SDK\MeshModelingTools_classes.hpp">
      <Filter>SDK</Filter>
    </ClInclude>
    <ClInclude Include="..\SDK\SDK\MeshModelingTools_parameters.hpp">
      <Filter>SDK</Filter>
    </ClInclude>
    <ClInclude Include="..\SDK\SDK\MeshModelingTools_structs.hpp">
      <Filter>SDK</Filter>
    </ClInclude>
    <ClInclude Include="..\SDK\SDK\MeshModelingToolsExp_classes.hpp">
      <Filter>SDK</Filter>
    </ClInclude>
    <ClInclude Include="..\SDK\SDK\MeshModelingToolsExp_parameters.hpp">
      <Filter>SDK</Filter>
    </ClInclude>
    <ClInclude Include="..\SDK\SDK\MeshModelingToolsExp_structs.hpp">
      <Filter>SDK</Filter>
    </ClInclude>
    <ClInclude Include="..\SDK\SDK\MM_classes.hpp">
      <Filter>SDK</Filter>
    </ClInclude>
    <ClInclude Include="..\SDK\SDK\MM_parameters.hpp">
      <Filter>SDK</Filter>
    </ClInclude>
    <ClInclude Include="..\SDK\SDK\MM_structs.hpp">
      <Filter>SDK</Filter>
    </ClInclude>
    <ClInclude Include="..\SDK\SDK\MobilePatchingUtils_classes.hpp">
      <Filter>SDK</Filter>
    </ClInclude>
    <ClInclude Include="..\SDK\SDK\MobilePatchingUtils_parameters.hpp">
      <Filter>SDK</Filter>
    </ClInclude>
    <ClInclude Include="..\SDK\SDK\ModelingComponents_classes.hpp">
      <Filter>SDK</Filter>
    </ClInclude>
    <ClInclude Include="..\SDK\SDK\ModelingComponents_parameters.hpp">
      <Filter>SDK</Filter>
    </ClInclude>
    <ClInclude Include="..\SDK\SDK\ModelingComponents_structs.hpp">
      <Filter>SDK</Filter>
    </ClInclude>
    <ClInclude Include="..\SDK\SDK\ModelingOperators_classes.hpp">
      <Filter>SDK</Filter>
    </ClInclude>
    <ClInclude Include="..\SDK\SDK\ModelingOperators_structs.hpp">
      <Filter>SDK</Filter>
    </ClInclude>
    <ClInclude Include="..\SDK\SDK\MoviePlayer_classes.hpp">
      <Filter>SDK</Filter>
    </ClInclude>
    <ClInclude Include="..\SDK\SDK\MoviePlayer_structs.hpp">
      <Filter>SDK</Filter>
    </ClInclude>
    <ClInclude Include="..\SDK\SDK\MovieRenderPipelineCore_classes.hpp">
      <Filter>SDK</Filter>
    </ClInclude>
    <ClInclude Include="..\SDK\SDK\MovieRenderPipelineCore_parameters.hpp">
      <Filter>SDK</Filter>
    </ClInclude>
    <ClInclude Include="..\SDK\SDK\MovieRenderPipelineCore_structs.hpp">
      <Filter>SDK</Filter>
    </ClInclude>
    <ClInclude Include="..\SDK\SDK\MovieRenderPipelineRenderPasses_classes.hpp">
      <Filter>SDK</Filter>
    </ClInclude>
    <ClInclude Include="..\SDK\SDK\MovieRenderPipelineRenderPasses_structs.hpp">
      <Filter>SDK</Filter>
    </ClInclude>
    <ClInclude Include="..\SDK\SDK\MovieRenderPipelineSettings_classes.hpp">
      <Filter>SDK</Filter>
    </ClInclude>
    <ClInclude Include="..\SDK\SDK\MovieRenderPipelineSettings_parameters.hpp">
      <Filter>SDK</Filter>
    </ClInclude>
    <ClInclude Include="..\SDK\SDK\MovieScene_classes.hpp">
      <Filter>SDK</Filter>
    </ClInclude>
    <ClInclude Include="..\SDK\SDK\MovieScene_parameters.hpp">
      <Filter>SDK</Filter>
    </ClInclude>
    <ClInclude Include="..\SDK\SDK\MovieScene_structs.hpp">
      <Filter>SDK</Filter>
    </ClInclude>
    <ClInclude Include="..\SDK\SDK\MovieSceneCapture_classes.hpp">
      <Filter>SDK</Filter>
    </ClInclude>
    <ClInclude Include="..\SDK\SDK\MovieSceneCapture_parameters.hpp">
      <Filter>SDK</Filter>
    </ClInclude>
    <ClInclude Include="..\SDK\SDK\MovieSceneCapture_structs.hpp">
      <Filter>SDK</Filter>
    </ClInclude>
    <ClInclude Include="..\SDK\SDK\MovieSceneTracks_classes.hpp">
      <Filter>SDK</Filter>
    </ClInclude>
    <ClInclude Include="..\SDK\SDK\MovieSceneTracks_parameters.hpp">
      <Filter>SDK</Filter>
    </ClInclude>
    <ClInclude Include="..\SDK\SDK\MovieSceneTracks_structs.hpp">
      <Filter>SDK</Filter>
    </ClInclude>
    <ClInclude Include="..\SDK\SDK\MRMesh_classes.hpp">
      <Filter>SDK</Filter>
    </ClInclude>
    <ClInclude Include="..\SDK\SDK\MRMesh_parameters.hpp">
      <Filter>SDK</Filter>
    </ClInclude>
    <ClInclude Include="..\SDK\SDK\MRMesh_structs.hpp">
      <Filter>SDK</Filter>
    </ClInclude>
    <ClInclude Include="..\SDK\SDK\NavigationSystem_classes.hpp">
      <Filter>SDK</Filter>
    </ClInclude>
    <ClInclude Include="..\SDK\SDK\NavigationSystem_parameters.hpp">
      <Filter>SDK</Filter>
    </ClInclude>
    <ClInclude Include="..\SDK\SDK\NavigationSystem_structs.hpp">
      <Filter>SDK</Filter>
    </ClInclude>
    <ClInclude Include="..\SDK\SDK\NetCore_classes.hpp">
      <Filter>SDK</Filter>
    </ClInclude>
    <ClInclude Include="..\SDK\SDK\NetCore_structs.hpp">
      <Filter>SDK</Filter>
    </ClInclude>
    <ClInclude Include="..\SDK\SDK\Niagara_classes.hpp">
      <Filter>SDK</Filter>
    </ClInclude>
    <ClInclude Include="..\SDK\SDK\Niagara_parameters.hpp">
      <Filter>SDK</Filter>
    </ClInclude>
    <ClInclude Include="..\SDK\SDK\Niagara_structs.hpp">
      <Filter>SDK</Filter>
    </ClInclude>
    <ClInclude Include="..\SDK\SDK\NiagaraAnimNotifies_classes.hpp">
      <Filter>SDK</Filter>
    </ClInclude>
    <ClInclude Include="..\SDK\SDK\NiagaraAnimNotifies_parameters.hpp">
      <Filter>SDK</Filter>
    </ClInclude>
    <ClInclude Include="..\SDK\SDK\NiagaraAnimNotifies_structs.hpp">
      <Filter>SDK</Filter>
    </ClInclude>
    <ClInclude Include="..\SDK\SDK\NiagaraCore_classes.hpp">
      <Filter>SDK</Filter>
    </ClInclude>
    <ClInclude Include="..\SDK\SDK\NiagaraCore_structs.hpp">
      <Filter>SDK</Filter>
    </ClInclude>
    <ClInclude Include="..\SDK\SDK\NiagaraShader_classes.hpp">
      <Filter>SDK</Filter>
    </ClInclude>
    <ClInclude Include="..\SDK\SDK\NiagaraShader_structs.hpp">
      <Filter>SDK</Filter>
    </ClInclude>
    <ClInclude Include="..\SDK\SDK\NiagaraTickManager_classes.hpp">
      <Filter>SDK</Filter>
    </ClInclude>
    <ClInclude Include="..\SDK\SDK\NiagaraTickManager_parameters.hpp">
      <Filter>SDK</Filter>
    </ClInclude>
    <ClInclude Include="..\SDK\SDK\NiagaraUIRenderer_classes.hpp">
      <Filter>SDK</Filter>
    </ClInclude>
    <ClInclude Include="..\SDK\SDK\NiagaraUIRenderer_parameters.hpp">
      <Filter>SDK</Filter>
    </ClInclude>
    <ClInclude Include="..\SDK\SDK\NiagaraUIRenderer_structs.hpp">
      <Filter>SDK</Filter>
    </ClInclude>
    <ClInclude Include="..\SDK\SDK\OnlineSubsystem_classes.hpp">
      <Filter>SDK</Filter>
    </ClInclude>
    <ClInclude Include="..\SDK\SDK\OnlineSubsystem_parameters.hpp">
      <Filter>SDK</Filter>
    </ClInclude>
    <ClInclude Include="..\SDK\SDK\OnlineSubsystem_structs.hpp">
      <Filter>SDK</Filter>
    </ClInclude>
    <ClInclude Include="..\SDK\SDK\OnlineSubsystemEOS_classes.hpp">
      <Filter>SDK</Filter>
    </ClInclude>
    <ClInclude Include="..\SDK\SDK\OnlineSubsystemEOS_structs.hpp">
      <Filter>SDK</Filter>
    </ClInclude>
    <ClInclude Include="..\SDK\SDK\OnlineSubsystemSteam_classes.hpp">
      <Filter>SDK</Filter>
    </ClInclude>
    <ClInclude Include="..\SDK\SDK\OnlineSubsystemUtils_classes.hpp">
      <Filter>SDK</Filter>
    </ClInclude>
    <ClInclude Include="..\SDK\SDK\OnlineSubsystemUtils_parameters.hpp">
      <Filter>SDK</Filter>
    </ClInclude>
    <ClInclude Include="..\SDK\SDK\OnlineSubsystemUtils_structs.hpp">
      <Filter>SDK</Filter>
    </ClInclude>
    <ClInclude Include="..\SDK\SDK\OodleNetworkHandlerComponent_classes.hpp">
      <Filter>SDK</Filter>
    </ClInclude>
    <ClInclude Include="..\SDK\SDK\OodleNetworkHandlerComponent_structs.hpp">
      <Filter>SDK</Filter>
    </ClInclude>
    <ClInclude Include="..\SDK\SDK\OpacityMicroMap_classes.hpp">
      <Filter>SDK</Filter>
    </ClInclude>
    <ClInclude Include="..\SDK\SDK\OpacityMicroMap_parameters.hpp">
      <Filter>SDK</Filter>
    </ClInclude>
    <ClInclude Include="..\SDK\SDK\OpacityMicroMap_structs.hpp">
      <Filter>SDK</Filter>
    </ClInclude>
    <ClInclude Include="..\SDK\SDK\OpenColorIO_classes.hpp">
      <Filter>SDK</Filter>
    </ClInclude>
    <ClInclude Include="..\SDK\SDK\OpenColorIO_parameters.hpp">
      <Filter>SDK</Filter>
    </ClInclude>
    <ClInclude Include="..\SDK\SDK\OpenColorIO_structs.hpp">
      <Filter>SDK</Filter>
    </ClInclude>
    <ClInclude Include="..\SDK\SDK\OSC_classes.hpp">
      <Filter>SDK</Filter>
    </ClInclude>
    <ClInclude Include="..\SDK\SDK\OSC_parameters.hpp">
      <Filter>SDK</Filter>
    </ClInclude>
    <ClInclude Include="..\SDK\SDK\OSC_structs.hpp">
      <Filter>SDK</Filter>
    </ClInclude>
    <ClInclude Include="..\SDK\SDK\Overlay_classes.hpp">
      <Filter>SDK</Filter>
    </ClInclude>
    <ClInclude Include="..\SDK\SDK\Overlay_structs.hpp">
      <Filter>SDK</Filter>
    </ClInclude>
    <ClInclude Include="..\SDK\SDK\PacketHandler_classes.hpp">
      <Filter>SDK</Filter>
    </ClInclude>
    <ClInclude Include="..\SDK\SDK\Paper2D_classes.hpp">
      <Filter>SDK</Filter>
    </ClInclude>
    <ClInclude Include="..\SDK\SDK\Paper2D_parameters.hpp">
      <Filter>SDK</Filter>
    </ClInclude>
    <ClInclude Include="..\SDK\SDK\Paper2D_structs.hpp">
      <Filter>SDK</Filter>
    </ClInclude>
    <ClInclude Include="..\SDK\SDK\Party_classes.hpp">
      <Filter>SDK</Filter>
    </ClInclude>
    <ClInclude Include="..\SDK\SDK\Party_structs.hpp">
      <Filter>SDK</Filter>
    </ClInclude>
    <ClInclude Include="..\SDK\SDK\PBIK_structs.hpp">
      <Filter>SDK</Filter>
    </ClInclude>
    <ClInclude Include="..\SDK\SDK\PCG_classes.hpp">
      <Filter>SDK</Filter>
    </ClInclude>
    <ClInclude Include="..\SDK\SDK\PCG_parameters.hpp">
      <Filter>SDK</Filter>
    </ClInclude>
    <ClInclude Include="..\SDK\SDK\PCG_structs.hpp">
      <Filter>SDK</Filter>
    </ClInclude>
    <ClInclude Include="..\SDK\SDK\PhysicsCore_classes.hpp">
      <Filter>SDK</Filter>
    </ClInclude>
    <ClInclude Include="..\SDK\SDK\PhysicsCore_structs.hpp">
      <Filter>SDK</Filter>
    </ClInclude>
    <ClInclude Include="..\SDK\SDK\PrefabricatorRuntime_classes.hpp">
      <Filter>SDK</Filter>
    </ClInclude>
    <ClInclude Include="..\SDK\SDK\PrefabricatorRuntime_parameters.hpp">
      <Filter>SDK</Filter>
    </ClInclude>
    <ClInclude Include="..\SDK\SDK\PrefabricatorRuntime_structs.hpp">
      <Filter>SDK</Filter>
    </ClInclude>
    <ClInclude Include="..\SDK\SDK\ProceduralMeshComponent_classes.hpp">
      <Filter>SDK</Filter>
    </ClInclude>
    <ClInclude Include="..\SDK\SDK\ProceduralMeshComponent_parameters.hpp">
      <Filter>SDK</Filter>
    </ClInclude>
    <ClInclude Include="..\SDK\SDK\ProceduralMeshComponent_structs.hpp">
      <Filter>SDK</Filter>
    </ClInclude>
    <ClInclude Include="..\SDK\SDK\PropertyPath_structs.hpp">
      <Filter>SDK</Filter>
    </ClInclude>
    <ClInclude Include="..\SDK\SDK\ProtobufMinusRunTime_structs.hpp">
      <Filter>SDK</Filter>
    </ClInclude>
    <ClInclude Include="..\SDK\SDK\PS5_structs.hpp">
      <Filter>SDK</Filter>
    </ClInclude>
    <ClInclude Include="..\SDK\SDK\Qos_classes.hpp">
      <Filter>SDK</Filter>
    </ClInclude>
    <ClInclude Include="..\SDK\SDK\Qos_parameters.hpp">
      <Filter>SDK</Filter>
    </ClInclude>
    <ClInclude Include="..\SDK\SDK\Qos_structs.hpp">
      <Filter>SDK</Filter>
    </ClInclude>
    <ClInclude Include="..\SDK\SDK\Reflection_Parameters_structs.hpp">
      <Filter>SDK</Filter>
    </ClInclude>
    <ClInclude Include="..\SDK\SDK\Rejoin_classes.hpp">
      <Filter>SDK</Filter>
    </ClInclude>
    <ClInclude Include="..\SDK\SDK\Rejoin_structs.hpp">
      <Filter>SDK</Filter>
    </ClInclude>
    <ClInclude Include="..\SDK\SDK\Renderer_classes.hpp">
      <Filter>SDK</Filter>
    </ClInclude>
    <ClInclude Include="..\SDK\SDK\Renderer_structs.hpp">
      <Filter>SDK</Filter>
    </ClInclude>
    <ClInclude Include="..\SDK\SDK\ReplicationGraph_classes.hpp">
      <Filter>SDK</Filter>
    </ClInclude>
    <ClInclude Include="..\SDK\SDK\ReplicationGraph_parameters.hpp">
      <Filter>SDK</Filter>
    </ClInclude>
    <ClInclude Include="..\SDK\SDK\ReplicationGraph_structs.hpp">
      <Filter>SDK</Filter>
    </ClInclude>
    <ClInclude Include="..\SDK\SDK\ResonanceAudio_classes.hpp">
      <Filter>SDK</Filter>
    </ClInclude>
    <ClInclude Include="..\SDK\SDK\ResonanceAudio_parameters.hpp">
      <Filter>SDK</Filter>
    </ClInclude>
    <ClInclude Include="..\SDK\SDK\ResonanceAudio_structs.hpp">
      <Filter>SDK</Filter>
    </ClInclude>
    <ClInclude Include="..\SDK\SDK\RigVM_classes.hpp">
      <Filter>SDK</Filter>
    </ClInclude>
    <ClInclude Include="..\SDK\SDK\RigVM_parameters.hpp">
      <Filter>SDK</Filter>
    </ClInclude>
    <ClInclude Include="..\SDK\SDK\RigVM_structs.hpp">
      <Filter>SDK</Filter>
    </ClInclude>
    <ClInclude Include="..\SDK\SDK\RT_Parameters_structs.hpp">
      <Filter>SDK</Filter>
    </ClInclude>
    <ClInclude Include="..\SDK\SDK\RTX_PostProcess_Settings_structs.hpp">
      <Filter>SDK</Filter>
    </ClInclude>
    <ClInclude Include="..\SDK\SDK\RTXDI_NRD_Parameters_structs.hpp">
      <Filter>SDK</Filter>
    </ClInclude>
    <ClInclude Include="..\SDK\SDK\RTXDI_Quality_structs.hpp">
      <Filter>SDK</Filter>
    </ClInclude>
    <ClInclude Include="..\SDK\SDK\SequencerScripting_classes.hpp">
      <Filter>SDK</Filter>
    </ClInclude>
    <ClInclude Include="..\SDK\SDK\SequencerScripting_parameters.hpp">
      <Filter>SDK</Filter>
    </ClInclude>
    <ClInclude Include="..\SDK\SDK\SequencerScripting_structs.hpp">
      <Filter>SDK</Filter>
    </ClInclude>
    <ClInclude Include="..\SDK\SDK\Serialization_structs.hpp">
      <Filter>SDK</Filter>
    </ClInclude>
    <ClInclude Include="..\SDK\SDK\SessionMessages_structs.hpp">
      <Filter>SDK</Filter>
    </ClInclude>
    <ClInclude Include="..\SDK\SDK\Shadow_Parameters_structs.hpp">
      <Filter>SDK</Filter>
    </ClInclude>
    <ClInclude Include="..\SDK\SDK\SignificanceManager_classes.hpp">
      <Filter>SDK</Filter>
    </ClInclude>
    <ClInclude Include="..\SDK\SDK\SimpleCharts_classes.hpp">
      <Filter>SDK</Filter>
    </ClInclude>
    <ClInclude Include="..\SDK\SDK\SimpleCharts_parameters.hpp">
      <Filter>SDK</Filter>
    </ClInclude>
    <ClInclude Include="..\SDK\SDK\SimpleCharts_structs.hpp">
      <Filter>SDK</Filter>
    </ClInclude>
    <ClInclude Include="..\SDK\SDK\SkeletalMerging_classes.hpp">
      <Filter>SDK</Filter>
    </ClInclude>
    <ClInclude Include="..\SDK\SDK\SkeletalMerging_parameters.hpp">
      <Filter>SDK</Filter>
    </ClInclude>
    <ClInclude Include="..\SDK\SDK\SkeletalMerging_structs.hpp">
      <Filter>SDK</Filter>
    </ClInclude>
    <ClInclude Include="..\SDK\SDK\SkyLight_Parameters_structs.hpp">
      <Filter>SDK</Filter>
    </ClInclude>
    <ClInclude Include="..\SDK\SDK\Slate_classes.hpp">
      <Filter>SDK</Filter>
    </ClInclude>
    <ClInclude Include="..\SDK\SDK\Slate_structs.hpp">
      <Filter>SDK</Filter>
    </ClInclude>
    <ClInclude Include="..\SDK\SDK\SlateCore_classes.hpp">
      <Filter>SDK</Filter>
    </ClInclude>
    <ClInclude Include="..\SDK\SDK\SlateCore_structs.hpp">
      <Filter>SDK</Filter>
    </ClInclude>
    <ClInclude Include="..\SDK\SDK\SocketSubsystemEOS_classes.hpp">
      <Filter>SDK</Filter>
    </ClInclude>
    <ClInclude Include="..\SDK\SDK\SoundFields_classes.hpp">
      <Filter>SDK</Filter>
    </ClInclude>
    <ClInclude Include="..\SDK\SDK\SpiderNavigation_classes.hpp">
      <Filter>SDK</Filter>
    </ClInclude>
    <ClInclude Include="..\SDK\SDK\SpiderNavigation_parameters.hpp">
      <Filter>SDK</Filter>
    </ClInclude>
    <ClInclude Include="..\SDK\SDK\SpiderNavigation_structs.hpp">
      <Filter>SDK</Filter>
    </ClInclude>
    <ClInclude Include="..\SDK\SDK\Startup_V2_P_classes.hpp">
      <Filter>SDK</Filter>
    </ClInclude>
    <ClInclude Include="..\SDK\SDK\Startup_V2_P_parameters.hpp">
      <Filter>SDK</Filter>
    </ClInclude>
    <ClInclude Include="..\SDK\SDK\StaticMeshDescription_classes.hpp">
      <Filter>SDK</Filter>
    </ClInclude>
    <ClInclude Include="..\SDK\SDK\StaticMeshDescription_parameters.hpp">
      <Filter>SDK</Filter>
    </ClInclude>
    <ClInclude Include="..\SDK\SDK\StaticMeshDescription_structs.hpp">
      <Filter>SDK</Filter>
    </ClInclude>
    <ClInclude Include="..\SDK\SDK\StreamlineBlueprint_classes.hpp">
      <Filter>SDK</Filter>
    </ClInclude>
    <ClInclude Include="..\SDK\SDK\StreamlineBlueprint_parameters.hpp">
      <Filter>SDK</Filter>
    </ClInclude>
    <ClInclude Include="..\SDK\SDK\StreamlineBlueprint_structs.hpp">
      <Filter>SDK</Filter>
    </ClInclude>
    <ClInclude Include="..\SDK\SDK\StreamlineRHI_classes.hpp">
      <Filter>SDK</Filter>
    </ClInclude>
    <ClInclude Include="..\SDK\SDK\StreamlineRHI_structs.hpp">
      <Filter>SDK</Filter>
    </ClInclude>
    <ClInclude Include="..\SDK\SDK\StructUtils_structs.hpp">
      <Filter>SDK</Filter>
    </ClInclude>
    <ClInclude Include="..\SDK\SDK\SubstanceCore_classes.hpp">
      <Filter>SDK</Filter>
    </ClInclude>
    <ClInclude Include="..\SDK\SDK\SubstanceCore_parameters.hpp">
      <Filter>SDK</Filter>
    </ClInclude>
    <ClInclude Include="..\SDK\SDK\SubstanceCore_structs.hpp">
      <Filter>SDK</Filter>
    </ClInclude>
    <ClInclude Include="..\SDK\SDK\Synthesis_classes.hpp">
      <Filter>SDK</Filter>
    </ClInclude>
    <ClInclude Include="..\SDK\SDK\Synthesis_parameters.hpp">
      <Filter>SDK</Filter>
    </ClInclude>
    <ClInclude Include="..\SDK\SDK\Synthesis_structs.hpp">
      <Filter>SDK</Filter>
    </ClInclude>
    <ClInclude Include="..\SDK\SDK\TcpMessaging_classes.hpp">
      <Filter>SDK</Filter>
    </ClInclude>
    <ClInclude Include="..\SDK\SDK\TemplateSequence_classes.hpp">
      <Filter>SDK</Filter>
    </ClInclude>
    <ClInclude Include="..\SDK\SDK\TemplateSequence_parameters.hpp">
      <Filter>SDK</Filter>
    </ClInclude>
    <ClInclude Include="..\SDK\SDK\TemplateSequence_structs.hpp">
      <Filter>SDK</Filter>
    </ClInclude>
    <ClInclude Include="..\SDK\SDK\TexAlphaDA_classes.hpp">
      <Filter>SDK</Filter>
    </ClInclude>
    <ClInclude Include="..\SDK\SDK\TimeManagement_classes.hpp">
      <Filter>SDK</Filter>
    </ClInclude>
    <ClInclude Include="..\SDK\SDK\TimeManagement_parameters.hpp">
      <Filter>SDK</Filter>
    </ClInclude>
    <ClInclude Include="..\SDK\SDK\TimeManagement_structs.hpp">
      <Filter>SDK</Filter>
    </ClInclude>
    <ClInclude Include="..\SDK\SDK\Transient_structs.hpp">
      <Filter>SDK</Filter>
    </ClInclude>
    <ClInclude Include="..\SDK\SDK\Translucency_Parameters_structs.hpp">
      <Filter>SDK</Filter>
    </ClInclude>
    <ClInclude Include="..\SDK\SDK\TressFX_classes.hpp">
      <Filter>SDK</Filter>
    </ClInclude>
    <ClInclude Include="..\SDK\SDK\TressFX_parameters.hpp">
      <Filter>SDK</Filter>
    </ClInclude>
    <ClInclude Include="..\SDK\SDK\TressFX_structs.hpp">
      <Filter>SDK</Filter>
    </ClInclude>
    <ClInclude Include="..\SDK\SDK\TypedElementFramework_classes.hpp">
      <Filter>SDK</Filter>
    </ClInclude>
    <ClInclude Include="..\SDK\SDK\TypedElementFramework_parameters.hpp">
      <Filter>SDK</Filter>
    </ClInclude>
    <ClInclude Include="..\SDK\SDK\TypedElementFramework_structs.hpp">
      <Filter>SDK</Filter>
    </ClInclude>
    <ClInclude Include="..\SDK\SDK\TypedElementRuntime_classes.hpp">
      <Filter>SDK</Filter>
    </ClInclude>
    <ClInclude Include="..\SDK\SDK\TypedElementRuntime_parameters.hpp">
      <Filter>SDK</Filter>
    </ClInclude>
    <ClInclude Include="..\SDK\SDK\TypedElementRuntime_structs.hpp">
      <Filter>SDK</Filter>
    </ClInclude>
    <ClInclude Include="..\SDK\SDK\UdpMessaging_classes.hpp">
      <Filter>SDK</Filter>
    </ClInclude>
    <ClInclude Include="..\SDK\SDK\UdpMessaging_structs.hpp">
      <Filter>SDK</Filter>
    </ClInclude>
    <ClInclude Include="..\SDK\SDK\UMG_classes.hpp">
      <Filter>SDK</Filter>
    </ClInclude>
    <ClInclude Include="..\SDK\SDK\UMG_parameters.hpp">
      <Filter>SDK</Filter>
    </ClInclude>
    <ClInclude Include="..\SDK\SDK\UMG_structs.hpp">
      <Filter>SDK</Filter>
    </ClInclude>
    <ClInclude Include="..\SDK\SDK\UMGSpline_classes.hpp">
      <Filter>SDK</Filter>
    </ClInclude>
    <ClInclude Include="..\SDK\SDK\UMGSpline_parameters.hpp">
      <Filter>SDK</Filter>
    </ClInclude>
    <ClInclude Include="..\SDK\SDK\UMGSpline_structs.hpp">
      <Filter>SDK</Filter>
    </ClInclude>
    <ClInclude Include="..\SDK\SDK\UnrealExtent_classes.hpp">
      <Filter>SDK</Filter>
    </ClInclude>
    <ClInclude Include="..\SDK\SDK\UnrealExtent_parameters.hpp">
      <Filter>SDK</Filter>
    </ClInclude>
    <ClInclude Include="..\SDK\SDK\UnrealExtent_structs.hpp">
      <Filter>SDK</Filter>
    </ClInclude>
    <ClInclude Include="..\SDK\SDK\UObjectPlugin_classes.hpp">
      <Filter>SDK</Filter>
    </ClInclude>
    <ClInclude Include="..\SDK\SDK\UObjectPlugin_structs.hpp">
      <Filter>SDK</Filter>
    </ClInclude>
    <ClInclude Include="..\SDK\SDK\USharp_classes.hpp">
      <Filter>SDK</Filter>
    </ClInclude>
    <ClInclude Include="..\SDK\SDK\USharp_structs.hpp">
      <Filter>SDK</Filter>
    </ClInclude>
    <ClInclude Include="..\SDK\SDK\V8_classes.hpp">
      <Filter>SDK</Filter>
    </ClInclude>
    <ClInclude Include="..\SDK\SDK\V8_parameters.hpp">
      <Filter>SDK</Filter>
    </ClInclude>
    <ClInclude Include="..\SDK\SDK\V8_structs.hpp">
      <Filter>SDK</Filter>
    </ClInclude>
    <ClInclude Include="..\SDK\SDK\VariantManagerContent_classes.hpp">
      <Filter>SDK</Filter>
    </ClInclude>
    <ClInclude Include="..\SDK\SDK\VariantManagerContent_parameters.hpp">
      <Filter>SDK</Filter>
    </ClInclude>
    <ClInclude Include="..\SDK\SDK\VariantManagerContent_structs.hpp">
      <Filter>SDK</Filter>
    </ClInclude>
    <ClInclude Include="..\SDK\SDK\VectorVM_structs.hpp">
      <Filter>SDK</Filter>
    </ClInclude>
    <ClInclude Include="..\SDK\SDK\VeryHigh_structs.hpp">
      <Filter>SDK</Filter>
    </ClInclude>
    <ClInclude Include="..\SDK\SDK\VirtualHeightfieldMesh_classes.hpp">
      <Filter>SDK</Filter>
    </ClInclude>
    <ClInclude Include="..\SDK\SDK\VirtualHeightfieldMesh_parameters.hpp">
      <Filter>SDK</Filter>
    </ClInclude>
    <ClInclude Include="..\SDK\SDK\Water_Caustics_Parameters_structs.hpp">
      <Filter>SDK</Filter>
    </ClInclude>
    <ClInclude Include="..\SDK\SDK\Water_classes.hpp">
      <Filter>SDK</Filter>
    </ClInclude>
    <ClInclude Include="..\SDK\SDK\Water_parameters.hpp">
      <Filter>SDK</Filter>
    </ClInclude>
    <ClInclude Include="..\SDK\SDK\Water_structs.hpp">
      <Filter>SDK</Filter>
    </ClInclude>
    <ClInclude Include="..\SDK\SDK\WebBrowser_structs.hpp">
      <Filter>SDK</Filter>
    </ClInclude>
    <ClInclude Include="..\SDK\SDK\WebBrowserWidget_classes.hpp">
      <Filter>SDK</Filter>
    </ClInclude>
    <ClInclude Include="..\SDK\SDK\WebBrowserWidget_parameters.hpp">
      <Filter>SDK</Filter>
    </ClInclude>
    <ClInclude Include="..\SDK\SDK\WmfMediaFactory_classes.hpp">
      <Filter>SDK</Filter>
    </ClInclude>
    <ClInclude Include="..\SDK\SDK\WwiseFileHandler_classes.hpp">
      <Filter>SDK</Filter>
    </ClInclude>
    <ClInclude Include="..\SDK\SDK\WwiseFileHandler_parameters.hpp">
      <Filter>SDK</Filter>
    </ClInclude>
    <ClInclude Include="..\SDK\SDK\WwiseFileHandler_structs.hpp">
      <Filter>SDK</Filter>
    </ClInclude>
    <ClInclude Include="..\SDK\SDK\WwiseObjectUtils_structs.hpp">
      <Filter>SDK</Filter>
    </ClInclude>
    <ClInclude Include="..\SDK\SDK\WwiseResourceLoader_classes.hpp">
      <Filter>SDK</Filter>
    </ClInclude>
    <ClInclude Include="..\SDK\SDK\WwiseResourceLoader_parameters.hpp">
      <Filter>SDK</Filter>
    </ClInclude>
    <ClInclude Include="..\SDK\SDK\WwiseResourceLoader_structs.hpp">
      <Filter>SDK</Filter>
    </ClInclude>
    <ClInclude Include="..\SDK\SDK\WwiseSimpleExternalSource_classes.hpp">
      <Filter>SDK</Filter>
    </ClInclude>
    <ClInclude Include="..\SDK\SDK\WwiseSimpleExternalSource_structs.hpp">
      <Filter>SDK</Filter>
    </ClInclude>
    <ClInclude Include="..\SDK\SDK\Xbox_structs.hpp">
      <Filter>SDK</Filter>
    </ClInclude>
    <ClInclude Include="..\SDK\SDK\XeSSBlueprint_classes.hpp">
      <Filter>SDK</Filter>
    </ClInclude>
    <ClInclude Include="..\SDK\SDK\XeSSBlueprint_parameters.hpp">
      <Filter>SDK</Filter>
    </ClInclude>
    <ClInclude Include="..\SDK\SDK\XeSSBlueprint_structs.hpp">
      <Filter>SDK</Filter>
    </ClInclude>
    <ClInclude Include="..\SDK\SDK\XeSSPlugin_classes.hpp">
      <Filter>SDK</Filter>
    </ClInclude>
  </ItemGroup>
  <ItemGroup>
    <ClCompile Include="dllmain.cpp">
      <Filter>Source Files</Filter>
    </ClCompile>
    <ClCompile Include="Minhook\src\buffer.c">
      <Filter>Source Files</Filter>
    </ClCompile>
    <ClCompile Include="..\SDK\SDK\b1_functions.cpp">
      <Filter>SDK</Filter>
    </ClCompile>
    <ClCompile Include="..\SDK\SDK\Basic.cpp">
      <Filter>SDK</Filter>
    </ClCompile>
    <ClCompile Include="..\SDK\SDK\CoreUObject_functions.cpp">
      <Filter>SDK</Filter>
    </ClCompile>
    <ClCompile Include="..\SDK\SDK\Engine_functions.cpp">
      <Filter>SDK</Filter>
    </ClCompile>
    <ClCompile Include="..\SDK\SDK\b1MinusManaged_functions.cpp">
      <Filter>SDK</Filter>
    </ClCompile>
    <ClCompile Include="..\SDK\SDK\UnrealExtent_functions.cpp">
      <Filter>SDK</Filter>
    </ClCompile>
    <ClCompile Include="..\SDK\SDK\GSInput_functions.cpp">
      <Filter>SDK</Filter>
    </ClCompile>
    <ClCompile Include="..\SDK\SDK\UMG_functions.cpp">
      <Filter>SDK</Filter>
    </ClCompile>
    <ClCompile Include="Minhook\src\hook.c">
      <Filter>Source Files</Filter>
    </ClCompile>
    <ClCompile Include="Minhook\src\trampoline.c">
      <Filter>Source Files</Filter>
    </ClCompile>
    <ClCompile Include="Minhook\src\HDE\hde32.c">
      <Filter>Source Files</Filter>
    </ClCompile>
    <ClCompile Include="Minhook\src\HDE\hde64.c">
      <Filter>Source Files</Filter>
    </ClCompile>
  </ItemGroup>
</Project>